{
  "version": 4,
  "terraform_version": "1.14.8",
  "serial": 167,
  "lineage": "5aeca0a2-2a3c-b8aa-0b92-42a302e4f716",
  "outputs": {
    "cluster_endpoint": {
      "value": "https://A34D8C6662144899EEF5A24E2D054CCB.gr7.eu-north-1.eks.amazonaws.com",
      "type": "string"
    },
    "cluster_name": {
      "value": "swms-eks-dev",
      "type": "string"
    },
    "cluster_version": {
      "value": "1.30",
      "type": "string"
    },
    "emqx_mqtt_hostname": {
      "value": "kubectl get svc -n messaging emqx -o jsonpath='{.status.loadBalancer.ingress[0].hostname}'",
      "type": "string"
    },
    "kong_proxy_hostname": {
      "value": "kubectl get svc -n gateway kong-kong-proxy -o jsonpath='{.status.loadBalancer.ingress[0].hostname}'",
      "type": "string"
    },
    "kubeconfig_command": {
      "value": "aws eks update-kubeconfig --region eu-north-1 --name swms-eks-dev",
      "type": "string"
    },
    "nat_instance_public_ip": {
      "value": "13.50.10.32",
      "type": "string"
    },
    "node_iam_role_arn": {
      "value": "arn:aws:iam::630606828181:role/swms-eks-dev-node-role",
      "type": "string"
    },
    "private_subnet_ids": {
      "value": [
        "subnet-06627847e5d05a85a",
        "subnet-09832f22c9ab55222",
        "subnet-0c506039ae585282b"
      ],
      "type": [
        "tuple",
        [
          "string",
          "string",
          "string"
        ]
      ]
    },
    "public_subnet_ids": {
      "value": [
        "subnet-0f028dd145efbc053",
        "subnet-02c81324ed02001f3",
        "subnet-05dd91ae406964040"
      ],
      "type": [
        "tuple",
        [
          "string",
          "string",
          "string"
        ]
      ]
    },
    "s3_bucket_arn": {
      "value": "arn:aws:s3:::swms-artifacts-ca97ca75",
      "type": "string"
    },
    "s3_bucket_name": {
      "value": "swms-artifacts-ca97ca75",
      "type": "string"
    },
    "vpc_id": {
      "value": "vpc-0b4ba782d6a7de24a",
      "type": "string"
    }
  },
  "resources": [
    {
      "mode": "data",
      "type": "aws_ami",
      "name": "amazon_linux_2023",
      "provider": "provider[\"registry.terraform.io/hashicorp/aws\"]",
      "instances": [
        {
          "schema_version": 0,
          "attributes": {
            "architecture": "x86_64",
            "arn": "arn:aws:ec2:eu-north-1::image/ami-03413ad17eef56854",
            "block_device_mappings": [
              {
                "device_name": "/dev/xvda",
                "ebs": {
                  "delete_on_termination": "true",
                  "encrypted": "false",
                  "iops": "3000",
                  "snapshot_id": "snap-06c56f87dedb0e826",
                  "throughput": "125",
                  "volume_initialization_rate": "0",
                  "volume_size": "8",
                  "volume_type": "gp3"
                },
                "no_device": "",
                "virtual_name": ""
              }
            ],
            "boot_mode": "uefi-preferred",
            "creation_date": "2026-04-10T17:23:29.000Z",
            "deprecation_time": "2026-07-09T17:29:00.000Z",
            "description": "Amazon Linux 2023 AMI 2023.11.20260413.0 x86_64 HVM kernel-6.12",
            "ena_support": true,
            "executable_users": null,
            "filter": [
              {
                "name": "architecture",
                "values": [
                  "x86_64"
                ]
              },
              {
                "name": "name",
                "values": [
                  "al2023-ami-2023.*-x86_64"
                ]
              },
              {
                "name": "virtualization-type",
                "values": [
                  "hvm"
                ]
              }
            ],
            "hypervisor": "xen",
            "id": "ami-03413ad17eef56854",
            "image_id": "ami-03413ad17eef56854",
            "image_location": "amazon/al2023-ami-2023.11.20260413.0-kernel-6.12-x86_64",
            "image_owner_alias": "amazon",
            "image_type": "machine",
            "imds_support": "v2.0",
            "include_deprecated": false,
            "kernel_id": "",
            "last_launched_time": "",
            "most_recent": true,
            "name": "al2023-ami-2023.11.20260413.0-kernel-6.12-x86_64",
            "name_regex": null,
            "owner_id": "137112412989",
            "owners": [
              "amazon"
            ],
            "platform": "",
            "platform_details": "Linux/UNIX",
            "product_codes": [],
            "public": true,
            "ramdisk_id": "",
            "root_device_name": "/dev/xvda",
            "root_device_type": "ebs",
            "root_snapshot_id": "snap-06c56f87dedb0e826",
            "sriov_net_support": "simple",
            "state": "available",
            "state_reason": {
              "code": "UNSET",
              "message": "UNSET"
            },
            "tags": {},
            "timeouts": null,
            "tpm_support": "",
            "uefi_data": null,
            "usage_operation": "RunInstances",
            "virtualization_type": "hvm"
          },
          "sensitive_attributes": [],
          "identity_schema_version": 0
        }
      ]
    },
    {
      "mode": "data",
      "type": "aws_eks_cluster",
      "name": "main",
      "provider": "provider[\"registry.terraform.io/hashicorp/aws\"]",
      "instances": [
        {
          "schema_version": 0,
          "attributes": {
            "access_config": [
              {
                "authentication_mode": "CONFIG_MAP",
                "bootstrap_cluster_creator_admin_permissions": true
              }
            ],
            "arn": "arn:aws:eks:eu-north-1:630606828181:cluster/swms-eks-dev",
            "certificate_authority": [
              {
                "data": "LS0tLS1CRUdJTiBDRVJUSUZJQ0FURS0tLS0tCk1JSURCVENDQWUyZ0F3SUJBZ0lJUVA0V3pMbzM4K2N3RFFZSktvWklodmNOQVFFTEJRQXdGVEVUTUJFR0ExVUUKQXhNS2EzVmlaWEp1WlhSbGN6QWVGdzB5TmpBME1qQXhOVEkwTlRaYUZ3MHpOakEwTVRjeE5USTVOVFphTUJVeApFekFSQmdOVkJBTVRDbXQxWW1WeWJtVjBaWE13Z2dFaU1BMEdDU3FHU0liM0RRRUJBUVVBQTRJQkR3QXdnZ0VLCkFvSUJBUURTRndrclJJcitkSkpkUVgwek8xazhzNi9QbkNNUlorSExFVVN0cmdPV0tKR2w3UThLTVMveExiSFgKS3doWmFDQTBYdm43Q1VoNjAydSs0OUhuZ1RGT0I0ZlI0aUV4YjdSbkdUdEd3VklGTmJ0bDRremFBbkpUd1ZpVwpzZ1RxZmUxbXZLQWJDWmtxV1BoblZzM3VhdWlDblJLSk0wb2gwK3RvNTdjcU1zNW96NDNqZlNydjNROXI1R3dhCmltQm81T0cvNzRrdUJjTTBlVlhteFpEQTdLUUFZYnZiQkhEN3hLck1aTkR6N3d0dDBmTHBEL0RDdmpGbEptMHMKNkNkTUpVTCtZSUY5TVZaOTRYYWRyQjRFZy9QUEVXdUU3aWVpMjFET1drS2RqMTN1ZTFDbzlYVmhJaHIrNzJDMApodzQzM3RtTi9aYWJmRVYwcXU5WU1KQmxUMW9qQWdNQkFBR2pXVEJYTUE0R0ExVWREd0VCL3dRRUF3SUNwREFQCkJnTlZIUk1CQWY4RUJUQURBUUgvTUIwR0ExVWREZ1FXQkJSOVEvVm5LamJMWTk1bVYvNjFjdWw0TDFqR1REQVYKQmdOVkhSRUVEakFNZ2dwcmRXSmxjbTVsZEdWek1BMEdDU3FHU0liM0RRRUJDd1VBQTRJQkFRQjE4UFRnY0NVTQoycldlUE9uRm5nT0REOEtKQnF0bXpiZFdYNmlxWjVnM3JxcUVDdXk1Yy9jZVZQb2dJVENmN3NYSDBQTDgrT1BGClo4L2FXSUM3QkxFYWNOVEp6TGJTRDhNTS85WThDdmVhK3FZa2pFcVBSQkJMd1VpVnowYVVMeUYrUC9NYmkxc00KWHN6TFRyUEVlQWJNNUp4c0N1RllUMmVab1pVRXljTFJibjdvaVBLNmpwdFRJeWRFd1NEU25WbitYNDZWai8zaQp6aGdDZXRlYkVoYkVlZkp2emVqQ1ZBalBXMnhVTHEzaU42YVdqU3REQWpXRmtSWXFZRVFkTS9maWRvc1JUSjVNCitvYnhickpGOUpUa3hhSmN5eFl5QmFIbmZzR1ppTFZuK1JWYi93UlBzeC9vZ09tVXpqRnVYRi9VK1ptdEpKL2UKNWFvSlZ3Y1dEWkdPCi0tLS0tRU5EIENFUlRJRklDQVRFLS0tLS0K"
              }
            ],
            "cluster_id": null,
            "compute_config": [],
            "created_at": "2026-04-20T15:25:08Z",
            "enabled_cluster_log_types": [],
            "endpoint": "https://A34D8C6662144899EEF5A24E2D054CCB.gr7.eu-north-1.eks.amazonaws.com",
            "id": "swms-eks-dev",
            "identity": [
              {
                "oidc": [
                  {
                    "issuer": "https://oidc.eks.eu-north-1.amazonaws.com/id/A34D8C6662144899EEF5A24E2D054CCB"
                  }
                ]
              }
            ],
            "kubernetes_network_config": [
              {
                "elastic_load_balancing": [
                  {
                    "enabled": false
                  }
                ],
                "ip_family": "ipv4",
                "service_ipv4_cidr": "172.20.0.0/16",
                "service_ipv6_cidr": ""
              }
            ],
            "name": "swms-eks-dev",
            "outpost_config": [],
            "platform_version": "eks.65",
            "remote_network_config": [],
            "role_arn": "arn:aws:iam::630606828181:role/swms-eks-dev-cluster-role",
            "status": "ACTIVE",
            "storage_config": [],
            "tags": {
              "Environment": "dev",
              "ManagedBy": "terraform",
              "Project": "group-f-swms"
            },
            "upgrade_policy": [
              {
                "support_type": "EXTENDED"
              }
            ],
            "version": "1.30",
            "vpc_config": [
              {
                "cluster_security_group_id": "sg-032038d019817fa60",
                "endpoint_private_access": true,
                "endpoint_public_access": true,
                "public_access_cidrs": [
                  "0.0.0.0/0"
                ],
                "security_group_ids": [],
                "subnet_ids": [
                  "subnet-02c81324ed02001f3",
                  "subnet-05dd91ae406964040",
                  "subnet-06627847e5d05a85a",
                  "subnet-09832f22c9ab55222",
                  "subnet-0c506039ae585282b",
                  "subnet-0f028dd145efbc053"
                ],
                "vpc_id": "vpc-0b4ba782d6a7de24a"
              }
            ],
            "zonal_shift_config": []
          },
          "sensitive_attributes": [],
          "identity_schema_version": 0
        }
      ]
    },
    {
      "mode": "data",
      "type": "aws_eks_cluster_auth",
      "name": "main",
      "provider": "provider[\"registry.terraform.io/hashicorp/aws\"]",
      "instances": [
        {
          "schema_version": 0,
          "attributes": {
            "id": "swms-eks-dev",
            "name": "swms-eks-dev",
            "token": "k8s-aws-v1.aHR0cHM6Ly9zdHMuZXUtbm9ydGgtMS5hbWF6b25hd3MuY29tLz9BY3Rpb249R2V0Q2FsbGVySWRlbnRpdHkmVmVyc2lvbj0yMDExLTA2LTE1JlgtQW16LUFsZ29yaXRobT1BV1M0LUhNQUMtU0hBMjU2JlgtQW16LUNyZWRlbnRpYWw9QUtJQVpGVVlZU0tLNDJQQkdRRVElMkYyMDI2MDQyMSUyRmV1LW5vcnRoLTElMkZzdHMlMkZhd3M0X3JlcXVlc3QmWC1BbXotRGF0ZT0yMDI2MDQyMVQwNTAzMjJaJlgtQW16LUV4cGlyZXM9MCZYLUFtei1TaWduZWRIZWFkZXJzPWhvc3QlM0J4LWs4cy1hd3MtaWQmWC1BbXotU2lnbmF0dXJlPTQxYTY2OWM1MmIzOThmMTExZjQ4NTBiNTk3NjcwYjViN2UwYTIzYjk3Mjc1NGNhMTExNTU1MTkxZWIyNmNkNDg"
          },
          "sensitive_attributes": [
            [
              {
                "type": "get_attr",
                "value": "token"
              }
            ]
          ],
          "identity_schema_version": 0
        }
      ]
    },
    {
      "mode": "managed",
      "type": "aws_eip",
      "name": "nat",
      "provider": "provider[\"registry.terraform.io/hashicorp/aws\"]",
      "instances": [
        {
          "schema_version": 0,
          "attributes": {
            "address": null,
            "allocation_id": "eipalloc-06236fe9068a02ebb",
            "arn": "arn:aws:ec2:eu-north-1:630606828181:elastic-ip/eipalloc-06236fe9068a02ebb",
            "associate_with_private_ip": null,
            "association_id": "eipassoc-08e3beae65df90c2d",
            "carrier_ip": "",
            "customer_owned_ip": "",
            "customer_owned_ipv4_pool": "",
            "domain": "vpc",
            "id": "eipalloc-06236fe9068a02ebb",
            "instance": "",
            "ipam_pool_id": null,
            "network_border_group": "eu-north-1",
            "network_interface": "eni-0d84768eff757cbf1",
            "private_dns": "ip-10-0-1-238.eu-north-1.compute.internal",
            "private_ip": "10.0.1.238",
            "ptr_record": "",
            "public_dns": "ec2-13-50-10-32.eu-north-1.compute.amazonaws.com",
            "public_ip": "13.50.10.32",
            "public_ipv4_pool": "amazon",
            "tags": {
              "Name": "swms-eks-dev-nat-eip"
            },
            "tags_all": {
              "Environment": "dev",
              "ManagedBy": "terraform",
              "Name": "swms-eks-dev-nat-eip",
              "Project": "group-f-swms"
            },
            "timeouts": null,
            "vpc": true
          },
          "sensitive_attributes": [],
          "identity_schema_version": 0,
          "private": "eyJlMmJmYjczMC1lY2FhLTExZTYtOGY4OC0zNDM2M2JjN2M0YzAiOnsiZGVsZXRlIjoxODAwMDAwMDAwMDAsInJlYWQiOjkwMDAwMDAwMDAwMCwidXBkYXRlIjozMDAwMDAwMDAwMDB9fQ==",
          "dependencies": [
            "aws_internet_gateway.main",
            "aws_vpc.main"
          ]
        }
      ]
    },
    {
      "mode": "managed",
      "type": "aws_eks_addon",
      "name": "coredns",
      "provider": "provider[\"registry.terraform.io/hashicorp/aws\"]",
      "instances": [
        {
          "schema_version": 0,
          "attributes": {
            "addon_name": "coredns",
            "addon_version": "v1.11.1-eksbuild.8",
            "arn": "arn:aws:eks:eu-north-1:630606828181:addon/swms-eks-dev/coredns/e4ced710-325c-95a0-e190-8d7a81b76b77",
            "cluster_name": "swms-eks-dev",
            "configuration_values": "",
            "created_at": "2026-04-21T03:40:52Z",
            "id": "swms-eks-dev:coredns",
            "modified_at": "2026-04-21T03:41:05Z",
            "pod_identity_association": [],
            "preserve": null,
            "resolve_conflicts": null,
            "resolve_conflicts_on_create": null,
            "resolve_conflicts_on_update": null,
            "service_account_role_arn": "",
            "tags": {},
            "tags_all": {
              "Environment": "dev",
              "ManagedBy": "terraform",
              "Project": "group-f-swms"
            },
            "timeouts": null
          },
          "sensitive_attributes": [],
          "identity_schema_version": 0,
          "private": "eyJlMmJmYjczMC1lY2FhLTExZTYtOGY4OC0zNDM2M2JjN2M0YzAiOnsiY3JlYXRlIjoxMjAwMDAwMDAwMDAwLCJkZWxldGUiOjI0MDAwMDAwMDAwMDAsInVwZGF0ZSI6MTIwMDAwMDAwMDAwMH19",
          "dependencies": [
            "aws_eks_cluster.main",
            "aws_eks_node_group.main",
            "aws_iam_role.eks_cluster",
            "aws_iam_role.eks_nodes",
            "aws_iam_role_policy_attachment.ebs_csi",
            "aws_iam_role_policy_attachment.ecr_read_only",
            "aws_iam_role_policy_attachment.eks_cluster_policy",
            "aws_iam_role_policy_attachment.eks_cni_policy",
            "aws_iam_role_policy_attachment.eks_worker_node",
            "aws_route_table.private",
            "aws_security_group.vpc_endpoints",
            "aws_subnet.private",
            "aws_subnet.public",
            "aws_vpc.main",
            "aws_vpc_endpoint.ec2",
            "aws_vpc_endpoint.ecr_api",
            "aws_vpc_endpoint.ecr_dkr",
            "aws_vpc_endpoint.s3",
            "aws_vpc_endpoint.sts"
          ]
        }
      ]
    },
    {
      "mode": "managed",
      "type": "aws_eks_addon",
      "name": "ebs_csi_driver",
      "provider": "provider[\"registry.terraform.io/hashicorp/aws\"]",
      "instances": [
        {
          "schema_version": 0,
          "attributes": {
            "addon_name": "aws-ebs-csi-driver",
            "addon_version": "v1.58.0-eksbuild.1",
            "arn": "arn:aws:eks:eu-north-1:630606828181:addon/swms-eks-dev/aws-ebs-csi-driver/04ced710-3261-0df6-ec1f-f54174e3abd7",
            "cluster_name": "swms-eks-dev",
            "configuration_values": "",
            "created_at": "2026-04-21T03:40:51Z",
            "id": "swms-eks-dev:aws-ebs-csi-driver",
            "modified_at": "2026-04-21T03:41:42Z",
            "pod_identity_association": [],
            "preserve": null,
            "resolve_conflicts": null,
            "resolve_conflicts_on_create": null,
            "resolve_conflicts_on_update": null,
            "service_account_role_arn": "",
            "tags": {},
            "tags_all": {
              "Environment": "dev",
              "ManagedBy": "terraform",
              "Project": "group-f-swms"
            },
            "timeouts": null
          },
          "sensitive_attributes": [],
          "identity_schema_version": 0,
          "private": "eyJlMmJmYjczMC1lY2FhLTExZTYtOGY4OC0zNDM2M2JjN2M0YzAiOnsiY3JlYXRlIjoxMjAwMDAwMDAwMDAwLCJkZWxldGUiOjI0MDAwMDAwMDAwMDAsInVwZGF0ZSI6MTIwMDAwMDAwMDAwMH19",
          "dependencies": [
            "aws_eks_cluster.main",
            "aws_eks_node_group.main",
            "aws_iam_role.eks_cluster",
            "aws_iam_role.eks_nodes",
            "aws_iam_role_policy_attachment.ebs_csi",
            "aws_iam_role_policy_attachment.ecr_read_only",
            "aws_iam_role_policy_attachment.eks_cluster_policy",
            "aws_iam_role_policy_attachment.eks_cni_policy",
            "aws_iam_role_policy_attachment.eks_worker_node",
            "aws_route_table.private",
            "aws_security_group.vpc_endpoints",
            "aws_subnet.private",
            "aws_subnet.public",
            "aws_vpc.main",
            "aws_vpc_endpoint.ec2",
            "aws_vpc_endpoint.ecr_api",
            "aws_vpc_endpoint.ecr_dkr",
            "aws_vpc_endpoint.s3",
            "aws_vpc_endpoint.sts"
          ]
        }
      ]
    },
    {
      "mode": "managed",
      "type": "aws_eks_addon",
      "name": "kube_proxy",
      "provider": "provider[\"registry.terraform.io/hashicorp/aws\"]",
      "instances": [
        {
          "schema_version": 0,
          "attributes": {
            "addon_name": "kube-proxy",
            "addon_version": "v1.30.14-eksbuild.8",
            "arn": "arn:aws:eks:eu-north-1:630606828181:addon/swms-eks-dev/kube-proxy/9cced710-325b-e787-1877-e7d31b7a99c3",
            "cluster_name": "swms-eks-dev",
            "configuration_values": "",
            "created_at": "2026-04-21T03:40:52Z",
            "id": "swms-eks-dev:kube-proxy",
            "modified_at": "2026-04-21T03:40:59Z",
            "pod_identity_association": [],
            "preserve": null,
            "resolve_conflicts": null,
            "resolve_conflicts_on_create": null,
            "resolve_conflicts_on_update": null,
            "service_account_role_arn": "",
            "tags": {},
            "tags_all": {
              "Environment": "dev",
              "ManagedBy": "terraform",
              "Project": "group-f-swms"
            },
            "timeouts": null
          },
          "sensitive_attributes": [],
          "identity_schema_version": 0,
          "private": "eyJlMmJmYjczMC1lY2FhLTExZTYtOGY4OC0zNDM2M2JjN2M0YzAiOnsiY3JlYXRlIjoxMjAwMDAwMDAwMDAwLCJkZWxldGUiOjI0MDAwMDAwMDAwMDAsInVwZGF0ZSI6MTIwMDAwMDAwMDAwMH19",
          "dependencies": [
            "aws_eks_cluster.main",
            "aws_eks_node_group.main",
            "aws_iam_role.eks_cluster",
            "aws_iam_role.eks_nodes",
            "aws_iam_role_policy_attachment.ebs_csi",
            "aws_iam_role_policy_attachment.ecr_read_only",
            "aws_iam_role_policy_attachment.eks_cluster_policy",
            "aws_iam_role_policy_attachment.eks_cni_policy",
            "aws_iam_role_policy_attachment.eks_worker_node",
            "aws_route_table.private",
            "aws_security_group.vpc_endpoints",
            "aws_subnet.private",
            "aws_subnet.public",
            "aws_vpc.main",
            "aws_vpc_endpoint.ec2",
            "aws_vpc_endpoint.ecr_api",
            "aws_vpc_endpoint.ecr_dkr",
            "aws_vpc_endpoint.s3",
            "aws_vpc_endpoint.sts"
          ]
        }
      ]
    },
    {
      "mode": "managed",
      "type": "aws_eks_addon",
      "name": "vpc_cni",
      "provider": "provider[\"registry.terraform.io/hashicorp/aws\"]",
      "instances": [
        {
          "schema_version": 0,
          "attributes": {
            "addon_name": "vpc-cni",
            "addon_version": "v1.20.4-eksbuild.2",
            "arn": "arn:aws:eks:eu-north-1:630606828181:addon/swms-eks-dev/vpc-cni/c8ced710-3255-3b61-b215-84e768c9ceca",
            "cluster_name": "swms-eks-dev",
            "configuration_values": "",
            "created_at": "2026-04-21T03:40:51Z",
            "id": "swms-eks-dev:vpc-cni",
            "modified_at": "2026-04-21T03:41:09Z",
            "pod_identity_association": [],
            "preserve": null,
            "resolve_conflicts": null,
            "resolve_conflicts_on_create": null,
            "resolve_conflicts_on_update": null,
            "service_account_role_arn": "",
            "tags": {},
            "tags_all": {
              "Environment": "dev",
              "ManagedBy": "terraform",
              "Project": "group-f-swms"
            },
            "timeouts": null
          },
          "sensitive_attributes": [],
          "identity_schema_version": 0,
          "private": "eyJlMmJmYjczMC1lY2FhLTExZTYtOGY4OC0zNDM2M2JjN2M0YzAiOnsiY3JlYXRlIjoxMjAwMDAwMDAwMDAwLCJkZWxldGUiOjI0MDAwMDAwMDAwMDAsInVwZGF0ZSI6MTIwMDAwMDAwMDAwMH19",
          "dependencies": [
            "aws_eks_cluster.main",
            "aws_eks_node_group.main",
            "aws_iam_role.eks_cluster",
            "aws_iam_role.eks_nodes",
            "aws_iam_role_policy_attachment.ebs_csi",
            "aws_iam_role_policy_attachment.ecr_read_only",
            "aws_iam_role_policy_attachment.eks_cluster_policy",
            "aws_iam_role_policy_attachment.eks_cni_policy",
            "aws_iam_role_policy_attachment.eks_worker_node",
            "aws_route_table.private",
            "aws_security_group.vpc_endpoints",
            "aws_subnet.private",
            "aws_subnet.public",
            "aws_vpc.main",
            "aws_vpc_endpoint.ec2",
            "aws_vpc_endpoint.ecr_api",
            "aws_vpc_endpoint.ecr_dkr",
            "aws_vpc_endpoint.s3",
            "aws_vpc_endpoint.sts"
          ]
        }
      ]
    },
    {
      "mode": "managed",
      "type": "aws_eks_cluster",
      "name": "main",
      "provider": "provider[\"registry.terraform.io/hashicorp/aws\"]",
      "instances": [
        {
          "schema_version": 1,
          "attributes": {
            "access_config": [
              {
                "authentication_mode": "CONFIG_MAP",
                "bootstrap_cluster_creator_admin_permissions": true
              }
            ],
            "arn": "arn:aws:eks:eu-north-1:630606828181:cluster/swms-eks-dev",
            "bootstrap_self_managed_addons": true,
            "certificate_authority": [
              {
                "data": "LS0tLS1CRUdJTiBDRVJUSUZJQ0FURS0tLS0tCk1JSURCVENDQWUyZ0F3SUJBZ0lJUVA0V3pMbzM4K2N3RFFZSktvWklodmNOQVFFTEJRQXdGVEVUTUJFR0ExVUUKQXhNS2EzVmlaWEp1WlhSbGN6QWVGdzB5TmpBME1qQXhOVEkwTlRaYUZ3MHpOakEwTVRjeE5USTVOVFphTUJVeApFekFSQmdOVkJBTVRDbXQxWW1WeWJtVjBaWE13Z2dFaU1BMEdDU3FHU0liM0RRRUJBUVVBQTRJQkR3QXdnZ0VLCkFvSUJBUURTRndrclJJcitkSkpkUVgwek8xazhzNi9QbkNNUlorSExFVVN0cmdPV0tKR2w3UThLTVMveExiSFgKS3doWmFDQTBYdm43Q1VoNjAydSs0OUhuZ1RGT0I0ZlI0aUV4YjdSbkdUdEd3VklGTmJ0bDRremFBbkpUd1ZpVwpzZ1RxZmUxbXZLQWJDWmtxV1BoblZzM3VhdWlDblJLSk0wb2gwK3RvNTdjcU1zNW96NDNqZlNydjNROXI1R3dhCmltQm81T0cvNzRrdUJjTTBlVlhteFpEQTdLUUFZYnZiQkhEN3hLck1aTkR6N3d0dDBmTHBEL0RDdmpGbEptMHMKNkNkTUpVTCtZSUY5TVZaOTRYYWRyQjRFZy9QUEVXdUU3aWVpMjFET1drS2RqMTN1ZTFDbzlYVmhJaHIrNzJDMApodzQzM3RtTi9aYWJmRVYwcXU5WU1KQmxUMW9qQWdNQkFBR2pXVEJYTUE0R0ExVWREd0VCL3dRRUF3SUNwREFQCkJnTlZIUk1CQWY4RUJUQURBUUgvTUIwR0ExVWREZ1FXQkJSOVEvVm5LamJMWTk1bVYvNjFjdWw0TDFqR1REQVYKQmdOVkhSRUVEakFNZ2dwcmRXSmxjbTVsZEdWek1BMEdDU3FHU0liM0RRRUJDd1VBQTRJQkFRQjE4UFRnY0NVTQoycldlUE9uRm5nT0REOEtKQnF0bXpiZFdYNmlxWjVnM3JxcUVDdXk1Yy9jZVZQb2dJVENmN3NYSDBQTDgrT1BGClo4L2FXSUM3QkxFYWNOVEp6TGJTRDhNTS85WThDdmVhK3FZa2pFcVBSQkJMd1VpVnowYVVMeUYrUC9NYmkxc00KWHN6TFRyUEVlQWJNNUp4c0N1RllUMmVab1pVRXljTFJibjdvaVBLNmpwdFRJeWRFd1NEU25WbitYNDZWai8zaQp6aGdDZXRlYkVoYkVlZkp2emVqQ1ZBalBXMnhVTHEzaU42YVdqU3REQWpXRmtSWXFZRVFkTS9maWRvc1JUSjVNCitvYnhickpGOUpUa3hhSmN5eFl5QmFIbmZzR1ppTFZuK1JWYi93UlBzeC9vZ09tVXpqRnVYRi9VK1ptdEpKL2UKNWFvSlZ3Y1dEWkdPCi0tLS0tRU5EIENFUlRJRklDQVRFLS0tLS0K"
              }
            ],
            "cluster_id": null,
            "compute_config": [],
            "created_at": "2026-04-20T15:25:08Z",
            "enabled_cluster_log_types": [],
            "encryption_config": [],
            "endpoint": "https://A34D8C6662144899EEF5A24E2D054CCB.gr7.eu-north-1.eks.amazonaws.com",
            "force_update_version": null,
            "id": "swms-eks-dev",
            "identity": [
              {
                "oidc": [
                  {
                    "issuer": "https://oidc.eks.eu-north-1.amazonaws.com/id/A34D8C6662144899EEF5A24E2D054CCB"
                  }
                ]
              }
            ],
            "kubernetes_network_config": [
              {
                "elastic_load_balancing": [
                  {
                    "enabled": false
                  }
                ],
                "ip_family": "ipv4",
                "service_ipv4_cidr": "172.20.0.0/16",
                "service_ipv6_cidr": ""
              }
            ],
            "name": "swms-eks-dev",
            "outpost_config": [],
            "platform_version": "eks.65",
            "remote_network_config": [],
            "role_arn": "arn:aws:iam::630606828181:role/swms-eks-dev-cluster-role",
            "status": "ACTIVE",
            "storage_config": [],
            "tags": {},
            "tags_all": {
              "Environment": "dev",
              "ManagedBy": "terraform",
              "Project": "group-f-swms"
            },
            "timeouts": null,
            "upgrade_policy": [
              {
                "support_type": "EXTENDED"
              }
            ],
            "version": "1.30",
            "vpc_config": [
              {
                "cluster_security_group_id": "sg-032038d019817fa60",
                "endpoint_private_access": true,
                "endpoint_public_access": true,
                "public_access_cidrs": [
                  "0.0.0.0/0"
                ],
                "security_group_ids": [],
                "subnet_ids": [
                  "subnet-02c81324ed02001f3",
                  "subnet-05dd91ae406964040",
                  "subnet-06627847e5d05a85a",
                  "subnet-09832f22c9ab55222",
                  "subnet-0c506039ae585282b",
                  "subnet-0f028dd145efbc053"
                ],
                "vpc_id": "vpc-0b4ba782d6a7de24a"
              }
            ],
            "zonal_shift_config": []
          },
          "sensitive_attributes": [],
          "identity_schema_version": 0,
          "private": "eyJlMmJmYjczMC1lY2FhLTExZTYtOGY4OC0zNDM2M2JjN2M0YzAiOnsiY3JlYXRlIjoxODAwMDAwMDAwMDAwLCJkZWxldGUiOjkwMDAwMDAwMDAwMCwidXBkYXRlIjozNjAwMDAwMDAwMDAwfSwic2NoZW1hX3ZlcnNpb24iOiIxIn0=",
          "dependencies": [
            "aws_iam_role.eks_cluster",
            "aws_iam_role_policy_attachment.eks_cluster_policy",
            "aws_subnet.private",
            "aws_subnet.public",
            "aws_vpc.main"
          ]
        }
      ]
    },
    {
      "mode": "managed",
      "type": "aws_eks_node_group",
      "name": "main",
      "provider": "provider[\"registry.terraform.io/hashicorp/aws\"]",
      "instances": [
        {
          "schema_version": 0,
          "attributes": {
            "ami_type": "AL2_x86_64",
            "arn": "arn:aws:eks:eu-north-1:630606828181:nodegroup/swms-eks-dev/swms-eks-dev-spot-nodes/28ced70f-5900-9c6d-8775-14554841de01",
            "capacity_type": "SPOT",
            "cluster_name": "swms-eks-dev",
            "disk_size": 20,
            "force_update_version": null,
            "id": "swms-eks-dev:swms-eks-dev-spot-nodes",
            "instance_types": [
              "t3.medium",
              "t3.large"
            ],
            "labels": {},
            "launch_template": [],
            "node_group_name": "swms-eks-dev-spot-nodes",
            "node_group_name_prefix": "",
            "node_repair_config": [],
            "node_role_arn": "arn:aws:iam::630606828181:role/swms-eks-dev-node-role",
            "release_version": "1.30.14-20251209",
            "remote_access": [],
            "resources": [
              {
                "autoscaling_groups": [
                  {
                    "name": "eks-swms-eks-dev-spot-nodes-28ced70f-5900-9c6d-8775-14554841de01"
                  }
                ],
                "remote_access_security_group_id": ""
              }
            ],
            "scaling_config": [
              {
                "desired_size": 2,
                "max_size": 3,
                "min_size": 1
              }
            ],
            "status": "ACTIVE",
            "subnet_ids": [
              "subnet-06627847e5d05a85a",
              "subnet-09832f22c9ab55222",
              "subnet-0c506039ae585282b"
            ],
            "tags": {},
            "tags_all": {
              "Environment": "dev",
              "ManagedBy": "terraform",
              "Project": "group-f-swms"
            },
            "taint": [],
            "timeouts": null,
            "update_config": [
              {
                "max_unavailable": 1,
                "max_unavailable_percentage": 0
              }
            ],
            "version": "1.30"
          },
          "sensitive_attributes": [],
          "identity_schema_version": 0,
          "private": "eyJlMmJmYjczMC1lY2FhLTExZTYtOGY4OC0zNDM2M2JjN2M0YzAiOnsiY3JlYXRlIjozNjAwMDAwMDAwMDAwLCJkZWxldGUiOjM2MDAwMDAwMDAwMDAsInVwZGF0ZSI6MzYwMDAwMDAwMDAwMH19",
          "dependencies": [
            "aws_eks_cluster.main",
            "aws_iam_role.eks_cluster",
            "aws_iam_role.eks_nodes",
            "aws_iam_role_policy_attachment.ebs_csi",
            "aws_iam_role_policy_attachment.ecr_read_only",
            "aws_iam_role_policy_attachment.eks_cluster_policy",
            "aws_iam_role_policy_attachment.eks_cni_policy",
            "aws_iam_role_policy_attachment.eks_worker_node",
            "aws_route_table.private",
            "aws_security_group.vpc_endpoints",
            "aws_subnet.private",
            "aws_subnet.public",
            "aws_vpc.main",
            "aws_vpc_endpoint.ec2",
            "aws_vpc_endpoint.ecr_api",
            "aws_vpc_endpoint.ecr_dkr",
            "aws_vpc_endpoint.s3",
            "aws_vpc_endpoint.sts"
          ]
        }
      ]
    },
    {
      "mode": "managed",
      "type": "aws_iam_role",
      "name": "eks_cluster",
      "provider": "provider[\"registry.terraform.io/hashicorp/aws\"]",
      "instances": [
        {
          "schema_version": 0,
          "attributes": {
            "arn": "arn:aws:iam::630606828181:role/swms-eks-dev-cluster-role",
            "assume_role_policy": "{\"Statement\":[{\"Action\":\"sts:AssumeRole\",\"Effect\":\"Allow\",\"Principal\":{\"Service\":\"eks.amazonaws.com\"}}],\"Version\":\"2012-10-17\"}",
            "create_date": "2026-04-20T15:24:25Z",
            "description": "",
            "force_detach_policies": false,
            "id": "swms-eks-dev-cluster-role",
            "inline_policy": [],
            "managed_policy_arns": [
              "arn:aws:iam::aws:policy/AmazonEKSClusterPolicy"
            ],
            "max_session_duration": 3600,
            "name": "swms-eks-dev-cluster-role",
            "name_prefix": "",
            "path": "/",
            "permissions_boundary": "",
            "tags": {},
            "tags_all": {
              "Environment": "dev",
              "ManagedBy": "terraform",
              "Project": "group-f-swms"
            },
            "unique_id": "AROAZFUYYSKKUBVJN4LXI"
          },
          "sensitive_attributes": [],
          "identity_schema_version": 0,
          "private": "bnVsbA=="
        }
      ]
    },
    {
      "mode": "managed",
      "type": "aws_iam_role",
      "name": "eks_nodes",
      "provider": "provider[\"registry.terraform.io/hashicorp/aws\"]",
      "instances": [
        {
          "schema_version": 0,
          "attributes": {
            "arn": "arn:aws:iam::630606828181:role/swms-eks-dev-node-role",
            "assume_role_policy": "{\"Statement\":[{\"Action\":\"sts:AssumeRole\",\"Effect\":\"Allow\",\"Principal\":{\"Service\":\"ec2.amazonaws.com\"}}],\"Version\":\"2012-10-17\"}",
            "create_date": "2026-04-20T15:24:24Z",
            "description": "",
            "force_detach_policies": false,
            "id": "swms-eks-dev-node-role",
            "inline_policy": [],
            "managed_policy_arns": [
              "arn:aws:iam::aws:policy/AmazonEC2ContainerRegistryReadOnly",
              "arn:aws:iam::aws:policy/AmazonEKSWorkerNodePolicy",
              "arn:aws:iam::aws:policy/AmazonEKS_CNI_Policy",
              "arn:aws:iam::aws:policy/service-role/AmazonEBSCSIDriverPolicy"
            ],
            "max_session_duration": 3600,
            "name": "swms-eks-dev-node-role",
            "name_prefix": "",
            "path": "/",
            "permissions_boundary": "",
            "tags": {},
            "tags_all": {
              "Environment": "dev",
              "ManagedBy": "terraform",
              "Project": "group-f-swms"
            },
            "unique_id": "AROAZFUYYSKKTVR3ZWZBZ"
          },
          "sensitive_attributes": [],
          "identity_schema_version": 0,
          "private": "bnVsbA=="
        }
      ]
    },
    {
      "mode": "managed",
      "type": "aws_iam_role_policy_attachment",
      "name": "ebs_csi",
      "provider": "provider[\"registry.terraform.io/hashicorp/aws\"]",
      "instances": [
        {
          "schema_version": 0,
          "attributes": {
            "id": "swms-eks-dev-node-role-20260420152427524300000001",
            "policy_arn": "arn:aws:iam::aws:policy/service-role/AmazonEBSCSIDriverPolicy",
            "role": "swms-eks-dev-node-role"
          },
          "sensitive_attributes": [],
          "identity_schema_version": 0,
          "private": "bnVsbA==",
          "dependencies": [
            "aws_iam_role.eks_nodes"
          ]
        }
      ]
    },
    {
      "mode": "managed",
      "type": "aws_iam_role_policy_attachment",
      "name": "ecr_read_only",
      "provider": "provider[\"registry.terraform.io/hashicorp/aws\"]",
      "instances": [
        {
          "schema_version": 0,
          "attributes": {
            "id": "swms-eks-dev-node-role-20260420152428438600000003",
            "policy_arn": "arn:aws:iam::aws:policy/AmazonEC2ContainerRegistryReadOnly",
            "role": "swms-eks-dev-node-role"
          },
          "sensitive_attributes": [],
          "identity_schema_version": 0,
          "private": "bnVsbA==",
          "dependencies": [
            "aws_iam_role.eks_nodes"
          ]
        }
      ]
    },
    {
      "mode": "managed",
      "type": "aws_iam_role_policy_attachment",
      "name": "eks_cluster_policy",
      "provider": "provider[\"registry.terraform.io/hashicorp/aws\"]",
      "instances": [
        {
          "schema_version": 0,
          "attributes": {
            "id": "swms-eks-dev-cluster-role-20260420152429023000000005",
            "policy_arn": "arn:aws:iam::aws:policy/AmazonEKSClusterPolicy",
            "role": "swms-eks-dev-cluster-role"
          },
          "sensitive_attributes": [],
          "identity_schema_version": 0,
          "private": "bnVsbA==",
          "dependencies": [
            "aws_iam_role.eks_cluster"
          ]
        }
      ]
    },
    {
      "mode": "managed",
      "type": "aws_iam_role_policy_attachment",
      "name": "eks_cni_policy",
      "provider": "provider[\"registry.terraform.io/hashicorp/aws\"]",
      "instances": [
        {
          "schema_version": 0,
          "attributes": {
            "id": "swms-eks-dev-node-role-20260420152428976600000004",
            "policy_arn": "arn:aws:iam::aws:policy/AmazonEKS_CNI_Policy",
            "role": "swms-eks-dev-node-role"
          },
          "sensitive_attributes": [],
          "identity_schema_version": 0,
          "private": "bnVsbA==",
          "dependencies": [
            "aws_iam_role.eks_nodes"
          ]
        }
      ]
    },
    {
      "mode": "managed",
      "type": "aws_iam_role_policy_attachment",
      "name": "eks_worker_node",
      "provider": "provider[\"registry.terraform.io/hashicorp/aws\"]",
      "instances": [
        {
          "schema_version": 0,
          "attributes": {
            "id": "swms-eks-dev-node-role-20260420152428051000000002",
            "policy_arn": "arn:aws:iam::aws:policy/AmazonEKSWorkerNodePolicy",
            "role": "swms-eks-dev-node-role"
          },
          "sensitive_attributes": [],
          "identity_schema_version": 0,
          "private": "bnVsbA==",
          "dependencies": [
            "aws_iam_role.eks_nodes"
          ]
        }
      ]
    },
    {
      "mode": "managed",
      "type": "aws_internet_gateway",
      "name": "main",
      "provider": "provider[\"registry.terraform.io/hashicorp/aws\"]",
      "instances": [
        {
          "schema_version": 0,
          "attributes": {
            "arn": "arn:aws:ec2:eu-north-1:630606828181:internet-gateway/igw-01f094085b474a65d",
            "id": "igw-01f094085b474a65d",
            "owner_id": "630606828181",
            "tags": {
              "Name": "swms-eks-dev-igw"
            },
            "tags_all": {
              "Environment": "dev",
              "ManagedBy": "terraform",
              "Name": "swms-eks-dev-igw",
              "Project": "group-f-swms"
            },
            "timeouts": null,
            "vpc_id": "vpc-0b4ba782d6a7de24a"
          },
          "sensitive_attributes": [],
          "identity_schema_version": 0,
          "private": "eyJlMmJmYjczMC1lY2FhLTExZTYtOGY4OC0zNDM2M2JjN2M0YzAiOnsiY3JlYXRlIjoxMjAwMDAwMDAwMDAwLCJkZWxldGUiOjEyMDAwMDAwMDAwMDAsInVwZGF0ZSI6MTIwMDAwMDAwMDAwMH19",
          "dependencies": [
            "aws_vpc.main"
          ]
        }
      ]
    },
    {
      "mode": "managed",
      "type": "aws_nat_gateway",
      "name": "main",
      "provider": "provider[\"registry.terraform.io/hashicorp/aws\"]",
      "instances": [
        {
          "schema_version": 0,
          "attributes": {
            "allocation_id": "eipalloc-06236fe9068a02ebb",
            "association_id": "eipassoc-08e3beae65df90c2d",
            "connectivity_type": "public",
            "id": "nat-0f86cf2e097859434",
            "network_interface_id": "eni-0d84768eff757cbf1",
            "private_ip": "10.0.1.238",
            "public_ip": "13.50.10.32",
            "secondary_allocation_ids": [],
            "secondary_private_ip_address_count": 0,
            "secondary_private_ip_addresses": [],
            "subnet_id": "subnet-0f028dd145efbc053",
            "tags": {
              "Name": "swms-nat-gateway"
            },
            "tags_all": {
              "Environment": "dev",
              "ManagedBy": "terraform",
              "Name": "swms-nat-gateway",
              "Project": "group-f-swms"
            },
            "timeouts": null
          },
          "sensitive_attributes": [],
          "identity_schema_version": 0,
          "private": "eyJlMmJmYjczMC1lY2FhLTExZTYtOGY4OC0zNDM2M2JjN2M0YzAiOnsiY3JlYXRlIjo2MDAwMDAwMDAwMDAsImRlbGV0ZSI6MTgwMDAwMDAwMDAwMCwidXBkYXRlIjo2MDAwMDAwMDAwMDB9fQ==",
          "dependencies": [
            "aws_eip.nat",
            "aws_internet_gateway.main",
            "aws_subnet.public",
            "aws_vpc.main"
          ]
        }
      ]
    },
    {
      "mode": "managed",
      "type": "aws_route",
      "name": "private_nat_access",
      "provider": "provider[\"registry.terraform.io/hashicorp/aws\"]",
      "instances": [
        {
          "schema_version": 0,
          "attributes": {
            "carrier_gateway_id": "",
            "core_network_arn": "",
            "destination_cidr_block": "0.0.0.0/0",
            "destination_ipv6_cidr_block": "",
            "destination_prefix_list_id": "",
            "egress_only_gateway_id": "",
            "gateway_id": "",
            "id": "r-rtb-0f692ad7eb1d1030d1080289494",
            "instance_id": "",
            "instance_owner_id": "",
            "local_gateway_id": "",
            "nat_gateway_id": "nat-0f86cf2e097859434",
            "network_interface_id": "",
            "origin": "CreateRoute",
            "route_table_id": "rtb-0f692ad7eb1d1030d",
            "state": "active",
            "timeouts": null,
            "transit_gateway_id": "",
            "vpc_endpoint_id": "",
            "vpc_peering_connection_id": ""
          },
          "sensitive_attributes": [],
          "identity_schema_version": 0,
          "private": "eyJlMmJmYjczMC1lY2FhLTExZTYtOGY4OC0zNDM2M2JjN2M0YzAiOnsiY3JlYXRlIjozMDAwMDAwMDAwMDAsImRlbGV0ZSI6MzAwMDAwMDAwMDAwLCJ1cGRhdGUiOjEyMDAwMDAwMDAwMH19",
          "dependencies": [
            "aws_eip.nat",
            "aws_internet_gateway.main",
            "aws_nat_gateway.main",
            "aws_route_table.private",
            "aws_subnet.public",
            "aws_vpc.main"
          ]
        }
      ]
    },
    {
      "mode": "managed",
      "type": "aws_route_table",
      "name": "private",
      "provider": "provider[\"registry.terraform.io/hashicorp/aws\"]",
      "instances": [
        {
          "schema_version": 0,
          "attributes": {
            "arn": "arn:aws:ec2:eu-north-1:630606828181:route-table/rtb-0f692ad7eb1d1030d",
            "id": "rtb-0f692ad7eb1d1030d",
            "owner_id": "630606828181",
            "propagating_vgws": [],
            "route": [
              {
                "carrier_gateway_id": "",
                "cidr_block": "0.0.0.0/0",
                "core_network_arn": "",
                "destination_prefix_list_id": "",
                "egress_only_gateway_id": "",
                "gateway_id": "",
                "ipv6_cidr_block": "",
                "local_gateway_id": "",
                "nat_gateway_id": "nat-0f86cf2e097859434",
                "network_interface_id": "",
                "transit_gateway_id": "",
                "vpc_endpoint_id": "",
                "vpc_peering_connection_id": ""
              }
            ],
            "tags": {
              "Name": "swms-eks-dev-private-rt"
            },
            "tags_all": {
              "Environment": "dev",
              "ManagedBy": "terraform",
              "Name": "swms-eks-dev-private-rt",
              "Project": "group-f-swms"
            },
            "timeouts": null,
            "vpc_id": "vpc-0b4ba782d6a7de24a"
          },
          "sensitive_attributes": [],
          "identity_schema_version": 0,
          "private": "eyJlMmJmYjczMC1lY2FhLTExZTYtOGY4OC0zNDM2M2JjN2M0YzAiOnsiY3JlYXRlIjozMDAwMDAwMDAwMDAsImRlbGV0ZSI6MzAwMDAwMDAwMDAwLCJ1cGRhdGUiOjEyMDAwMDAwMDAwMH19",
          "dependencies": [
            "aws_vpc.main"
          ]
        }
      ]
    },
    {
      "mode": "managed",
      "type": "aws_route_table",
      "name": "public",
      "provider": "provider[\"registry.terraform.io/hashicorp/aws\"]",
      "instances": [
        {
          "schema_version": 0,
          "attributes": {
            "arn": "arn:aws:ec2:eu-north-1:630606828181:route-table/rtb-0a897227465377505",
            "id": "rtb-0a897227465377505",
            "owner_id": "630606828181",
            "propagating_vgws": [],
            "route": [
              {
                "carrier_gateway_id": "",
                "cidr_block": "0.0.0.0/0",
                "core_network_arn": "",
                "destination_prefix_list_id": "",
                "egress_only_gateway_id": "",
                "gateway_id": "igw-01f094085b474a65d",
                "ipv6_cidr_block": "",
                "local_gateway_id": "",
                "nat_gateway_id": "",
                "network_interface_id": "",
                "transit_gateway_id": "",
                "vpc_endpoint_id": "",
                "vpc_peering_connection_id": ""
              }
            ],
            "tags": {
              "Name": "swms-eks-dev-public-rt"
            },
            "tags_all": {
              "Environment": "dev",
              "ManagedBy": "terraform",
              "Name": "swms-eks-dev-public-rt",
              "Project": "group-f-swms"
            },
            "timeouts": null,
            "vpc_id": "vpc-0b4ba782d6a7de24a"
          },
          "sensitive_attributes": [],
          "identity_schema_version": 0,
          "private": "eyJlMmJmYjczMC1lY2FhLTExZTYtOGY4OC0zNDM2M2JjN2M0YzAiOnsiY3JlYXRlIjozMDAwMDAwMDAwMDAsImRlbGV0ZSI6MzAwMDAwMDAwMDAwLCJ1cGRhdGUiOjEyMDAwMDAwMDAwMH19",
          "dependencies": [
            "aws_internet_gateway.main",
            "aws_vpc.main"
          ]
        }
      ]
    },
    {
      "mode": "managed",
      "type": "aws_route_table_association",
      "name": "private",
      "provider": "provider[\"registry.terraform.io/hashicorp/aws\"]",
      "instances": [
        {
          "index_key": 0,
          "schema_version": 0,
          "attributes": {
            "gateway_id": "",
            "id": "rtbassoc-011094a0d7bb98842",
            "route_table_id": "rtb-0f692ad7eb1d1030d",
            "subnet_id": "subnet-06627847e5d05a85a",
            "timeouts": null
          },
          "sensitive_attributes": [],
          "identity_schema_version": 0,
          "private": "eyJlMmJmYjczMC1lY2FhLTExZTYtOGY4OC0zNDM2M2JjN2M0YzAiOnsiY3JlYXRlIjozMDAwMDAwMDAwMDAsImRlbGV0ZSI6MzAwMDAwMDAwMDAwLCJ1cGRhdGUiOjEyMDAwMDAwMDAwMH19",
          "dependencies": [
            "aws_route_table.private",
            "aws_subnet.private",
            "aws_vpc.main"
          ]
        },
        {
          "index_key": 1,
          "schema_version": 0,
          "attributes": {
            "gateway_id": "",
            "id": "rtbassoc-06e16219669aeff65",
            "route_table_id": "rtb-0f692ad7eb1d1030d",
            "subnet_id": "subnet-09832f22c9ab55222",
            "timeouts": null
          },
          "sensitive_attributes": [],
          "identity_schema_version": 0,
          "private": "eyJlMmJmYjczMC1lY2FhLTExZTYtOGY4OC0zNDM2M2JjN2M0YzAiOnsiY3JlYXRlIjozMDAwMDAwMDAwMDAsImRlbGV0ZSI6MzAwMDAwMDAwMDAwLCJ1cGRhdGUiOjEyMDAwMDAwMDAwMH19",
          "dependencies": [
            "aws_route_table.private",
            "aws_subnet.private",
            "aws_vpc.main"
          ]
        },
        {
          "index_key": 2,
          "schema_version": 0,
          "attributes": {
            "gateway_id": "",
            "id": "rtbassoc-0e5f875989475e7b7",
            "route_table_id": "rtb-0f692ad7eb1d1030d",
            "subnet_id": "subnet-0c506039ae585282b",
            "timeouts": null
          },
          "sensitive_attributes": [],
          "identity_schema_version": 0,
          "private": "eyJlMmJmYjczMC1lY2FhLTExZTYtOGY4OC0zNDM2M2JjN2M0YzAiOnsiY3JlYXRlIjozMDAwMDAwMDAwMDAsImRlbGV0ZSI6MzAwMDAwMDAwMDAwLCJ1cGRhdGUiOjEyMDAwMDAwMDAwMH19",
          "dependencies": [
            "aws_route_table.private",
            "aws_subnet.private",
            "aws_vpc.main"
          ]
        }
      ]
    },
    {
      "mode": "managed",
      "type": "aws_route_table_association",
      "name": "public",
      "provider": "provider[\"registry.terraform.io/hashicorp/aws\"]",
      "instances": [
        {
          "index_key": 0,
          "schema_version": 0,
          "attributes": {
            "gateway_id": "",
            "id": "rtbassoc-0c0dcc7138a025059",
            "route_table_id": "rtb-0a897227465377505",
            "subnet_id": "subnet-0f028dd145efbc053",
            "timeouts": null
          },
          "sensitive_attributes": [],
          "identity_schema_version": 0,
          "private": "eyJlMmJmYjczMC1lY2FhLTExZTYtOGY4OC0zNDM2M2JjN2M0YzAiOnsiY3JlYXRlIjozMDAwMDAwMDAwMDAsImRlbGV0ZSI6MzAwMDAwMDAwMDAwLCJ1cGRhdGUiOjEyMDAwMDAwMDAwMH19",
          "dependencies": [
            "aws_internet_gateway.main",
            "aws_route_table.public",
            "aws_subnet.public",
            "aws_vpc.main"
          ]
        },
        {
          "index_key": 1,
          "schema_version": 0,
          "attributes": {
            "gateway_id": "",
            "id": "rtbassoc-0c53597b04be668a3",
            "route_table_id": "rtb-0a897227465377505",
            "subnet_id": "subnet-02c81324ed02001f3",
            "timeouts": null
          },
          "sensitive_attributes": [],
          "identity_schema_version": 0,
          "private": "eyJlMmJmYjczMC1lY2FhLTExZTYtOGY4OC0zNDM2M2JjN2M0YzAiOnsiY3JlYXRlIjozMDAwMDAwMDAwMDAsImRlbGV0ZSI6MzAwMDAwMDAwMDAwLCJ1cGRhdGUiOjEyMDAwMDAwMDAwMH19",
          "dependencies": [
            "aws_internet_gateway.main",
            "aws_route_table.public",
            "aws_subnet.public",
            "aws_vpc.main"
          ]
        },
        {
          "index_key": 2,
          "schema_version": 0,
          "attributes": {
            "gateway_id": "",
            "id": "rtbassoc-0f0211262b8449f52",
            "route_table_id": "rtb-0a897227465377505",
            "subnet_id": "subnet-05dd91ae406964040",
            "timeouts": null
          },
          "sensitive_attributes": [],
          "identity_schema_version": 0,
          "private": "eyJlMmJmYjczMC1lY2FhLTExZTYtOGY4OC0zNDM2M2JjN2M0YzAiOnsiY3JlYXRlIjozMDAwMDAwMDAwMDAsImRlbGV0ZSI6MzAwMDAwMDAwMDAwLCJ1cGRhdGUiOjEyMDAwMDAwMDAwMH19",
          "dependencies": [
            "aws_internet_gateway.main",
            "aws_route_table.public",
            "aws_subnet.public",
            "aws_vpc.main"
          ]
        }
      ]
    },
    {
      "mode": "managed",
      "type": "aws_s3_bucket",
      "name": "swms_artifacts",
      "provider": "provider[\"registry.terraform.io/hashicorp/aws\"]",
      "instances": [
        {
          "schema_version": 0,
          "attributes": {
            "acceleration_status": "",
            "acl": null,
            "arn": "arn:aws:s3:::swms-artifacts-ca97ca75",
            "bucket": "swms-artifacts-ca97ca75",
            "bucket_domain_name": "swms-artifacts-ca97ca75.s3.amazonaws.com",
            "bucket_prefix": "",
            "bucket_regional_domain_name": "swms-artifacts-ca97ca75.s3.eu-north-1.amazonaws.com",
            "cors_rule": [],
            "force_destroy": false,
            "grant": [
              {
                "id": "81646065c778865ebf90c9a1de7b730734bb07a99865878fd6fd9eb5eced81f3",
                "permissions": [
                  "FULL_CONTROL"
                ],
                "type": "CanonicalUser",
                "uri": ""
              }
            ],
            "hosted_zone_id": "Z3BAZG2TWCNX0D",
            "id": "swms-artifacts-ca97ca75",
            "lifecycle_rule": [],
            "logging": [],
            "object_lock_configuration": [],
            "object_lock_enabled": false,
            "policy": "{\"Statement\":[{\"Action\":[\"s3:GetObject\",\"s3:PutObject\",\"s3:DeleteObject\",\"s3:ListBucket\"],\"Effect\":\"Allow\",\"Principal\":{\"AWS\":\"arn:aws:iam::630606828181:role/swms-eks-dev-node-role\"},\"Resource\":[\"arn:aws:s3:::swms-artifacts-ca97ca75\",\"arn:aws:s3:::swms-artifacts-ca97ca75/*\"],\"Sid\":\"AllowEKSNodeAccess\"}],\"Version\":\"2012-10-17\"}",
            "region": "eu-north-1",
            "replication_configuration": [],
            "request_payer": "BucketOwner",
            "server_side_encryption_configuration": [
              {
                "rule": [
                  {
                    "apply_server_side_encryption_by_default": [
                      {
                        "kms_master_key_id": "",
                        "sse_algorithm": "AES256"
                      }
                    ],
                    "bucket_key_enabled": false
                  }
                ]
              }
            ],
            "tags": {
              "Name": "swms-artifacts",
              "Purpose": "Artifact Storage"
            },
            "tags_all": {
              "Environment": "dev",
              "ManagedBy": "terraform",
              "Name": "swms-artifacts",
              "Project": "group-f-swms",
              "Purpose": "Artifact Storage"
            },
            "timeouts": null,
            "versioning": [
              {
                "enabled": true,
                "mfa_delete": false
              }
            ],
            "website": [],
            "website_domain": null,
            "website_endpoint": null
          },
          "sensitive_attributes": [],
          "identity_schema_version": 0,
          "private": "eyJlMmJmYjczMC1lY2FhLTExZTYtOGY4OC0zNDM2M2JjN2M0YzAiOnsiY3JlYXRlIjoxMjAwMDAwMDAwMDAwLCJkZWxldGUiOjM2MDAwMDAwMDAwMDAsInJlYWQiOjEyMDAwMDAwMDAwMDAsInVwZGF0ZSI6MTIwMDAwMDAwMDAwMH19",
          "dependencies": [
            "random_id.bucket_suffix"
          ]
        }
      ]
    },
    {
      "mode": "managed",
      "type": "aws_s3_bucket_policy",
      "name": "swms_artifacts",
      "provider": "provider[\"registry.terraform.io/hashicorp/aws\"]",
      "instances": [
        {
          "schema_version": 0,
          "attributes": {
            "bucket": "swms-artifacts-ca97ca75",
            "id": "swms-artifacts-ca97ca75",
            "policy": "{\"Statement\":[{\"Action\":[\"s3:GetObject\",\"s3:PutObject\",\"s3:DeleteObject\",\"s3:ListBucket\"],\"Effect\":\"Allow\",\"Principal\":{\"AWS\":\"arn:aws:iam::630606828181:role/swms-eks-dev-node-role\"},\"Resource\":[\"arn:aws:s3:::swms-artifacts-ca97ca75\",\"arn:aws:s3:::swms-artifacts-ca97ca75/*\"],\"Sid\":\"AllowEKSNodeAccess\"}],\"Version\":\"2012-10-17\"}"
          },
          "sensitive_attributes": [],
          "identity_schema_version": 0,
          "private": "bnVsbA==",
          "dependencies": [
            "aws_iam_role.eks_nodes",
            "aws_s3_bucket.swms_artifacts",
            "aws_s3_bucket_public_access_block.swms_artifacts",
            "random_id.bucket_suffix"
          ]
        }
      ]
    },
    {
      "mode": "managed",
      "type": "aws_s3_bucket_public_access_block",
      "name": "swms_artifacts",
      "provider": "provider[\"registry.terraform.io/hashicorp/aws\"]",
      "instances": [
        {
          "schema_version": 0,
          "attributes": {
            "block_public_acls": true,
            "block_public_policy": true,
            "bucket": "swms-artifacts-ca97ca75",
            "id": "swms-artifacts-ca97ca75",
            "ignore_public_acls": true,
            "restrict_public_buckets": true
          },
          "sensitive_attributes": [],
          "identity_schema_version": 0,
          "private": "bnVsbA==",
          "dependencies": [
            "aws_s3_bucket.swms_artifacts",
            "random_id.bucket_suffix"
          ]
        }
      ]
    },
    {
      "mode": "managed",
      "type": "aws_s3_bucket_server_side_encryption_configuration",
      "name": "swms_artifacts",
      "provider": "provider[\"registry.terraform.io/hashicorp/aws\"]",
      "instances": [
        {
          "schema_version": 0,
          "attributes": {
            "bucket": "swms-artifacts-ca97ca75",
            "expected_bucket_owner": "",
            "id": "swms-artifacts-ca97ca75",
            "rule": [
              {
                "apply_server_side_encryption_by_default": [
                  {
                    "kms_master_key_id": "",
                    "sse_algorithm": "AES256"
                  }
                ],
                "bucket_key_enabled": false
              }
            ]
          },
          "sensitive_attributes": [],
          "identity_schema_version": 0,
          "private": "bnVsbA==",
          "dependencies": [
            "aws_s3_bucket.swms_artifacts",
            "random_id.bucket_suffix"
          ]
        }
      ]
    },
    {
      "mode": "managed",
      "type": "aws_s3_bucket_versioning",
      "name": "swms_artifacts",
      "provider": "provider[\"registry.terraform.io/hashicorp/aws\"]",
      "instances": [
        {
          "schema_version": 0,
          "attributes": {
            "bucket": "swms-artifacts-ca97ca75",
            "expected_bucket_owner": "",
            "id": "swms-artifacts-ca97ca75",
            "mfa": null,
            "versioning_configuration": [
              {
                "mfa_delete": "",
                "status": "Enabled"
              }
            ]
          },
          "sensitive_attributes": [],
          "identity_schema_version": 0,
          "private": "bnVsbA==",
          "dependencies": [
            "aws_s3_bucket.swms_artifacts",
            "random_id.bucket_suffix"
          ]
        }
      ]
    },
    {
      "mode": "managed",
      "type": "aws_security_group",
      "name": "nat",
      "provider": "provider[\"registry.terraform.io/hashicorp/aws\"]",
      "instances": [
        {
          "schema_version": 1,
          "attributes": {
            "arn": "arn:aws:ec2:eu-north-1:630606828181:security-group/sg-0facd84465d3545b9",
            "description": "NAT instance - allows all traffic from VPC CIDR outbound to internet",
            "egress": [
              {
                "cidr_blocks": [
                  "0.0.0.0/0"
                ],
                "description": "",
                "from_port": 0,
                "ipv6_cidr_blocks": [],
                "prefix_list_ids": [],
                "protocol": "-1",
                "security_groups": [],
                "self": false,
                "to_port": 0
              }
            ],
            "id": "sg-0facd84465d3545b9",
            "ingress": [
              {
                "cidr_blocks": [
                  "10.0.0.0/16"
                ],
                "description": "All inbound from VPC",
                "from_port": 0,
                "ipv6_cidr_blocks": [],
                "prefix_list_ids": [],
                "protocol": "-1",
                "security_groups": [],
                "self": false,
                "to_port": 0
              }
            ],
            "name": "swms-eks-dev-nat-sg",
            "name_prefix": "",
            "owner_id": "630606828181",
            "revoke_rules_on_delete": false,
            "tags": {
              "Name": "swms-eks-dev-nat-sg"
            },
            "tags_all": {
              "Environment": "dev",
              "ManagedBy": "terraform",
              "Name": "swms-eks-dev-nat-sg",
              "Project": "group-f-swms"
            },
            "timeouts": null,
            "vpc_id": "vpc-0b4ba782d6a7de24a"
          },
          "sensitive_attributes": [],
          "identity_schema_version": 0,
          "private": "eyJlMmJmYjczMC1lY2FhLTExZTYtOGY4OC0zNDM2M2JjN2M0YzAiOnsiY3JlYXRlIjo2MDAwMDAwMDAwMDAsImRlbGV0ZSI6OTAwMDAwMDAwMDAwfSwic2NoZW1hX3ZlcnNpb24iOiIxIn0=",
          "dependencies": [
            "aws_vpc.main"
          ]
        }
      ]
    },
    {
      "mode": "managed",
      "type": "aws_security_group",
      "name": "vpc_endpoints",
      "provider": "provider[\"registry.terraform.io/hashicorp/aws\"]",
      "instances": [
        {
          "schema_version": 1,
          "attributes": {
            "arn": "arn:aws:ec2:eu-north-1:630606828181:security-group/sg-0374b56c650f09835",
            "description": "Allow HTTPS from within the VPC to VPC Interface Endpoints",
            "egress": [
              {
                "cidr_blocks": [
                  "0.0.0.0/0"
                ],
                "description": "",
                "from_port": 0,
                "ipv6_cidr_blocks": [],
                "prefix_list_ids": [],
                "protocol": "-1",
                "security_groups": [],
                "self": false,
                "to_port": 0
              }
            ],
            "id": "sg-0374b56c650f09835",
            "ingress": [
              {
                "cidr_blocks": [
                  "10.0.0.0/16"
                ],
                "description": "",
                "from_port": 443,
                "ipv6_cidr_blocks": [],
                "prefix_list_ids": [],
                "protocol": "tcp",
                "security_groups": [],
                "self": false,
                "to_port": 443
              }
            ],
            "name": "swms-eks-dev-vpce-sg",
            "name_prefix": "",
            "owner_id": "630606828181",
            "revoke_rules_on_delete": false,
            "tags": {
              "Name": "swms-eks-dev-vpce-sg"
            },
            "tags_all": {
              "Environment": "dev",
              "ManagedBy": "terraform",
              "Name": "swms-eks-dev-vpce-sg",
              "Project": "group-f-swms"
            },
            "timeouts": null,
            "vpc_id": "vpc-0b4ba782d6a7de24a"
          },
          "sensitive_attributes": [],
          "identity_schema_version": 0,
          "private": "eyJlMmJmYjczMC1lY2FhLTExZTYtOGY4OC0zNDM2M2JjN2M0YzAiOnsiY3JlYXRlIjo2MDAwMDAwMDAwMDAsImRlbGV0ZSI6OTAwMDAwMDAwMDAwfSwic2NoZW1hX3ZlcnNpb24iOiIxIn0=",
          "dependencies": [
            "aws_vpc.main"
          ]
        }
      ]
    },
    {
      "mode": "managed",
      "type": "aws_subnet",
      "name": "private",
      "provider": "provider[\"registry.terraform.io/hashicorp/aws\"]",
      "instances": [
        {
          "index_key": 0,
          "schema_version": 1,
          "attributes": {
            "arn": "arn:aws:ec2:eu-north-1:630606828181:subnet/subnet-06627847e5d05a85a",
            "assign_ipv6_address_on_creation": false,
            "availability_zone": "eu-north-1a",
            "availability_zone_id": "eun1-az1",
            "cidr_block": "10.0.11.0/24",
            "customer_owned_ipv4_pool": "",
            "enable_dns64": false,
            "enable_lni_at_device_index": 0,
            "enable_resource_name_dns_a_record_on_launch": false,
            "enable_resource_name_dns_aaaa_record_on_launch": false,
            "id": "subnet-06627847e5d05a85a",
            "ipv6_cidr_block": "",
            "ipv6_cidr_block_association_id": "",
            "ipv6_native": false,
            "map_customer_owned_ip_on_launch": false,
            "map_public_ip_on_launch": false,
            "outpost_arn": "",
            "owner_id": "630606828181",
            "private_dns_hostname_type_on_launch": "ip-name",
            "tags": {
              "Name": "swms-eks-dev-private-1",
              "kubernetes.io/cluster/swms-eks-dev": "shared",
              "kubernetes.io/role/internal-elb": "1"
            },
            "tags_all": {
              "Environment": "dev",
              "ManagedBy": "terraform",
              "Name": "swms-eks-dev-private-1",
              "Project": "group-f-swms",
              "kubernetes.io/cluster/swms-eks-dev": "shared",
              "kubernetes.io/role/internal-elb": "1"
            },
            "timeouts": null,
            "vpc_id": "vpc-0b4ba782d6a7de24a"
          },
          "sensitive_attributes": [],
          "identity_schema_version": 0,
          "private": "eyJlMmJmYjczMC1lY2FhLTExZTYtOGY4OC0zNDM2M2JjN2M0YzAiOnsiY3JlYXRlIjo2MDAwMDAwMDAwMDAsImRlbGV0ZSI6MTIwMDAwMDAwMDAwMH0sInNjaGVtYV92ZXJzaW9uIjoiMSJ9",
          "dependencies": [
            "aws_vpc.main"
          ]
        },
        {
          "index_key": 1,
          "schema_version": 1,
          "attributes": {
            "arn": "arn:aws:ec2:eu-north-1:630606828181:subnet/subnet-09832f22c9ab55222",
            "assign_ipv6_address_on_creation": false,
            "availability_zone": "eu-north-1b",
            "availability_zone_id": "eun1-az2",
            "cidr_block": "10.0.12.0/24",
            "customer_owned_ipv4_pool": "",
            "enable_dns64": false,
            "enable_lni_at_device_index": 0,
            "enable_resource_name_dns_a_record_on_launch": false,
            "enable_resource_name_dns_aaaa_record_on_launch": false,
            "id": "subnet-09832f22c9ab55222",
            "ipv6_cidr_block": "",
            "ipv6_cidr_block_association_id": "",
            "ipv6_native": false,
            "map_customer_owned_ip_on_launch": false,
            "map_public_ip_on_launch": false,
            "outpost_arn": "",
            "owner_id": "630606828181",
            "private_dns_hostname_type_on_launch": "ip-name",
            "tags": {
              "Name": "swms-eks-dev-private-2",
              "kubernetes.io/cluster/swms-eks-dev": "shared",
              "kubernetes.io/role/internal-elb": "1"
            },
            "tags_all": {
              "Environment": "dev",
              "ManagedBy": "terraform",
              "Name": "swms-eks-dev-private-2",
              "Project": "group-f-swms",
              "kubernetes.io/cluster/swms-eks-dev": "shared",
              "kubernetes.io/role/internal-elb": "1"
            },
            "timeouts": null,
            "vpc_id": "vpc-0b4ba782d6a7de24a"
          },
          "sensitive_attributes": [],
          "identity_schema_version": 0,
          "private": "eyJlMmJmYjczMC1lY2FhLTExZTYtOGY4OC0zNDM2M2JjN2M0YzAiOnsiY3JlYXRlIjo2MDAwMDAwMDAwMDAsImRlbGV0ZSI6MTIwMDAwMDAwMDAwMH0sInNjaGVtYV92ZXJzaW9uIjoiMSJ9",
          "dependencies": [
            "aws_vpc.main"
          ]
        },
        {
          "index_key": 2,
          "schema_version": 1,
          "attributes": {
            "arn": "arn:aws:ec2:eu-north-1:630606828181:subnet/subnet-0c506039ae585282b",
            "assign_ipv6_address_on_creation": false,
            "availability_zone": "eu-north-1c",
            "availability_zone_id": "eun1-az3",
            "cidr_block": "10.0.13.0/24",
            "customer_owned_ipv4_pool": "",
            "enable_dns64": false,
            "enable_lni_at_device_index": 0,
            "enable_resource_name_dns_a_record_on_launch": false,
            "enable_resource_name_dns_aaaa_record_on_launch": false,
            "id": "subnet-0c506039ae585282b",
            "ipv6_cidr_block": "",
            "ipv6_cidr_block_association_id": "",
            "ipv6_native": false,
            "map_customer_owned_ip_on_launch": false,
            "map_public_ip_on_launch": false,
            "outpost_arn": "",
            "owner_id": "630606828181",
            "private_dns_hostname_type_on_launch": "ip-name",
            "tags": {
              "Name": "swms-eks-dev-private-3",
              "kubernetes.io/cluster/swms-eks-dev": "shared",
              "kubernetes.io/role/internal-elb": "1"
            },
            "tags_all": {
              "Environment": "dev",
              "ManagedBy": "terraform",
              "Name": "swms-eks-dev-private-3",
              "Project": "group-f-swms",
              "kubernetes.io/cluster/swms-eks-dev": "shared",
              "kubernetes.io/role/internal-elb": "1"
            },
            "timeouts": null,
            "vpc_id": "vpc-0b4ba782d6a7de24a"
          },
          "sensitive_attributes": [],
          "identity_schema_version": 0,
          "private": "eyJlMmJmYjczMC1lY2FhLTExZTYtOGY4OC0zNDM2M2JjN2M0YzAiOnsiY3JlYXRlIjo2MDAwMDAwMDAwMDAsImRlbGV0ZSI6MTIwMDAwMDAwMDAwMH0sInNjaGVtYV92ZXJzaW9uIjoiMSJ9",
          "dependencies": [
            "aws_vpc.main"
          ]
        }
      ]
    },
    {
      "mode": "managed",
      "type": "aws_subnet",
      "name": "public",
      "provider": "provider[\"registry.terraform.io/hashicorp/aws\"]",
      "instances": [
        {
          "index_key": 0,
          "schema_version": 1,
          "attributes": {
            "arn": "arn:aws:ec2:eu-north-1:630606828181:subnet/subnet-0f028dd145efbc053",
            "assign_ipv6_address_on_creation": false,
            "availability_zone": "eu-north-1a",
            "availability_zone_id": "eun1-az1",
            "cidr_block": "10.0.1.0/24",
            "customer_owned_ipv4_pool": "",
            "enable_dns64": false,
            "enable_lni_at_device_index": 0,
            "enable_resource_name_dns_a_record_on_launch": false,
            "enable_resource_name_dns_aaaa_record_on_launch": false,
            "id": "subnet-0f028dd145efbc053",
            "ipv6_cidr_block": "",
            "ipv6_cidr_block_association_id": "",
            "ipv6_native": false,
            "map_customer_owned_ip_on_launch": false,
            "map_public_ip_on_launch": true,
            "outpost_arn": "",
            "owner_id": "630606828181",
            "private_dns_hostname_type_on_launch": "ip-name",
            "tags": {
              "Name": "swms-eks-dev-public-1",
              "kubernetes.io/cluster/swms-eks-dev": "shared",
              "kubernetes.io/role/elb": "1"
            },
            "tags_all": {
              "Environment": "dev",
              "ManagedBy": "terraform",
              "Name": "swms-eks-dev-public-1",
              "Project": "group-f-swms",
              "kubernetes.io/cluster/swms-eks-dev": "shared",
              "kubernetes.io/role/elb": "1"
            },
            "timeouts": null,
            "vpc_id": "vpc-0b4ba782d6a7de24a"
          },
          "sensitive_attributes": [],
          "identity_schema_version": 0,
          "private": "eyJlMmJmYjczMC1lY2FhLTExZTYtOGY4OC0zNDM2M2JjN2M0YzAiOnsiY3JlYXRlIjo2MDAwMDAwMDAwMDAsImRlbGV0ZSI6MTIwMDAwMDAwMDAwMH0sInNjaGVtYV92ZXJzaW9uIjoiMSJ9",
          "dependencies": [
            "aws_vpc.main"
          ]
        },
        {
          "index_key": 1,
          "schema_version": 1,
          "attributes": {
            "arn": "arn:aws:ec2:eu-north-1:630606828181:subnet/subnet-02c81324ed02001f3",
            "assign_ipv6_address_on_creation": false,
            "availability_zone": "eu-north-1b",
            "availability_zone_id": "eun1-az2",
            "cidr_block": "10.0.2.0/24",
            "customer_owned_ipv4_pool": "",
            "enable_dns64": false,
            "enable_lni_at_device_index": 0,
            "enable_resource_name_dns_a_record_on_launch": false,
            "enable_resource_name_dns_aaaa_record_on_launch": false,
            "id": "subnet-02c81324ed02001f3",
            "ipv6_cidr_block": "",
            "ipv6_cidr_block_association_id": "",
            "ipv6_native": false,
            "map_customer_owned_ip_on_launch": false,
            "map_public_ip_on_launch": true,
            "outpost_arn": "",
            "owner_id": "630606828181",
            "private_dns_hostname_type_on_launch": "ip-name",
            "tags": {
              "Name": "swms-eks-dev-public-2",
              "kubernetes.io/cluster/swms-eks-dev": "shared",
              "kubernetes.io/role/elb": "1"
            },
            "tags_all": {
              "Environment": "dev",
              "ManagedBy": "terraform",
              "Name": "swms-eks-dev-public-2",
              "Project": "group-f-swms",
              "kubernetes.io/cluster/swms-eks-dev": "shared",
              "kubernetes.io/role/elb": "1"
            },
            "timeouts": null,
            "vpc_id": "vpc-0b4ba782d6a7de24a"
          },
          "sensitive_attributes": [],
          "identity_schema_version": 0,
          "private": "eyJlMmJmYjczMC1lY2FhLTExZTYtOGY4OC0zNDM2M2JjN2M0YzAiOnsiY3JlYXRlIjo2MDAwMDAwMDAwMDAsImRlbGV0ZSI6MTIwMDAwMDAwMDAwMH0sInNjaGVtYV92ZXJzaW9uIjoiMSJ9",
          "dependencies": [
            "aws_vpc.main"
          ]
        },
        {
          "index_key": 2,
          "schema_version": 1,
          "attributes": {
            "arn": "arn:aws:ec2:eu-north-1:630606828181:subnet/subnet-05dd91ae406964040",
            "assign_ipv6_address_on_creation": false,
            "availability_zone": "eu-north-1c",
            "availability_zone_id": "eun1-az3",
            "cidr_block": "10.0.3.0/24",
            "customer_owned_ipv4_pool": "",
            "enable_dns64": false,
            "enable_lni_at_device_index": 0,
            "enable_resource_name_dns_a_record_on_launch": false,
            "enable_resource_name_dns_aaaa_record_on_launch": false,
            "id": "subnet-05dd91ae406964040",
            "ipv6_cidr_block": "",
            "ipv6_cidr_block_association_id": "",
            "ipv6_native": false,
            "map_customer_owned_ip_on_launch": false,
            "map_public_ip_on_launch": true,
            "outpost_arn": "",
            "owner_id": "630606828181",
            "private_dns_hostname_type_on_launch": "ip-name",
            "tags": {
              "Name": "swms-eks-dev-public-3",
              "kubernetes.io/cluster/swms-eks-dev": "shared",
              "kubernetes.io/role/elb": "1"
            },
            "tags_all": {
              "Environment": "dev",
              "ManagedBy": "terraform",
              "Name": "swms-eks-dev-public-3",
              "Project": "group-f-swms",
              "kubernetes.io/cluster/swms-eks-dev": "shared",
              "kubernetes.io/role/elb": "1"
            },
            "timeouts": null,
            "vpc_id": "vpc-0b4ba782d6a7de24a"
          },
          "sensitive_attributes": [],
          "identity_schema_version": 0,
          "private": "eyJlMmJmYjczMC1lY2FhLTExZTYtOGY4OC0zNDM2M2JjN2M0YzAiOnsiY3JlYXRlIjo2MDAwMDAwMDAwMDAsImRlbGV0ZSI6MTIwMDAwMDAwMDAwMH0sInNjaGVtYV92ZXJzaW9uIjoiMSJ9",
          "dependencies": [
            "aws_vpc.main"
          ]
        }
      ]
    },
    {
      "mode": "managed",
      "type": "aws_vpc",
      "name": "main",
      "provider": "provider[\"registry.terraform.io/hashicorp/aws\"]",
      "instances": [
        {
          "schema_version": 1,
          "attributes": {
            "arn": "arn:aws:ec2:eu-north-1:630606828181:vpc/vpc-0b4ba782d6a7de24a",
            "assign_generated_ipv6_cidr_block": false,
            "cidr_block": "10.0.0.0/16",
            "default_network_acl_id": "acl-0b442edc7435c3de2",
            "default_route_table_id": "rtb-001f9050468500712",
            "default_security_group_id": "sg-0e4f444ab93181d0c",
            "dhcp_options_id": "dopt-04ffffb393c0b21ed",
            "enable_dns_hostnames": true,
            "enable_dns_support": true,
            "enable_network_address_usage_metrics": false,
            "id": "vpc-0b4ba782d6a7de24a",
            "instance_tenancy": "default",
            "ipv4_ipam_pool_id": null,
            "ipv4_netmask_length": null,
            "ipv6_association_id": "",
            "ipv6_cidr_block": "",
            "ipv6_cidr_block_network_border_group": "",
            "ipv6_ipam_pool_id": "",
            "ipv6_netmask_length": 0,
            "main_route_table_id": "rtb-001f9050468500712",
            "owner_id": "630606828181",
            "tags": {
              "Name": "swms-eks-dev-vpc"
            },
            "tags_all": {
              "Environment": "dev",
              "ManagedBy": "terraform",
              "Name": "swms-eks-dev-vpc",
              "Project": "group-f-swms"
            }
          },
          "sensitive_attributes": [],
          "identity_schema_version": 0,
          "private": "eyJzY2hlbWFfdmVyc2lvbiI6IjEifQ=="
        }
      ]
    },
    {
      "mode": "managed",
      "type": "aws_vpc_endpoint",
      "name": "ec2",
      "provider": "provider[\"registry.terraform.io/hashicorp/aws\"]",
      "instances": [
        {
          "schema_version": 0,
          "attributes": {
            "arn": "arn:aws:ec2:eu-north-1:630606828181:vpc-endpoint/vpce-0bae31650a7295760",
            "auto_accept": null,
            "cidr_blocks": [],
            "dns_entry": [
              {
                "dns_name": "vpce-0bae31650a7295760-00z19fcd.ec2.eu-north-1.vpce.amazonaws.com",
                "hosted_zone_id": "Z3OWWK6JFDEDGC"
              },
              {
                "dns_name": "vpce-0bae31650a7295760-00z19fcd-eu-north-1a.ec2.eu-north-1.vpce.amazonaws.com",
                "hosted_zone_id": "Z3OWWK6JFDEDGC"
              },
              {
                "dns_name": "vpce-0bae31650a7295760-00z19fcd-eu-north-1c.ec2.eu-north-1.vpce.amazonaws.com",
                "hosted_zone_id": "Z3OWWK6JFDEDGC"
              },
              {
                "dns_name": "vpce-0bae31650a7295760-00z19fcd-eu-north-1b.ec2.eu-north-1.vpce.amazonaws.com",
                "hosted_zone_id": "Z3OWWK6JFDEDGC"
              },
              {
                "dns_name": "ec2.eu-north-1.amazonaws.com",
                "hosted_zone_id": "Z0669081F8I9BJM4C9ZK"
              },
              {
                "dns_name": "ec2.eu-north-1.api.aws",
                "hosted_zone_id": "Z06692281Q4GXAKUQAATJ"
              }
            ],
            "dns_options": [
              {
                "dns_record_ip_type": "ipv4",
                "private_dns_only_for_inbound_resolver_endpoint": false
              }
            ],
            "id": "vpce-0bae31650a7295760",
            "ip_address_type": "ipv4",
            "network_interface_ids": [
              "eni-015f927e107dfc89c",
              "eni-09ecd5a885fccff2c",
              "eni-0ee7eed2ca7a97ab1"
            ],
            "owner_id": "630606828181",
            "policy": "{\"Statement\":[{\"Action\":\"*\",\"Effect\":\"Allow\",\"Principal\":\"*\",\"Resource\":\"*\"}]}",
            "prefix_list_id": null,
            "private_dns_enabled": true,
            "requester_managed": false,
            "resource_configuration_arn": "",
            "route_table_ids": [],
            "security_group_ids": [
              "sg-0374b56c650f09835"
            ],
            "service_name": "com.amazonaws.eu-north-1.ec2",
            "service_network_arn": "",
            "service_region": "eu-north-1",
            "state": "available",
            "subnet_configuration": [
              {
                "ipv4": "10.0.11.150",
                "ipv6": "",
                "subnet_id": "subnet-06627847e5d05a85a"
              },
              {
                "ipv4": "10.0.12.6",
                "ipv6": "",
                "subnet_id": "subnet-09832f22c9ab55222"
              },
              {
                "ipv4": "10.0.13.232",
                "ipv6": "",
                "subnet_id": "subnet-0c506039ae585282b"
              }
            ],
            "subnet_ids": [
              "subnet-06627847e5d05a85a",
              "subnet-09832f22c9ab55222",
              "subnet-0c506039ae585282b"
            ],
            "tags": {
              "Name": "swms-eks-dev-vpce-ec2"
            },
            "tags_all": {
              "Environment": "dev",
              "ManagedBy": "terraform",
              "Name": "swms-eks-dev-vpce-ec2",
              "Project": "group-f-swms"
            },
            "timeouts": null,
            "vpc_endpoint_type": "Interface",
            "vpc_id": "vpc-0b4ba782d6a7de24a"
          },
          "sensitive_attributes": [],
          "identity_schema_version": 0,
          "private": "eyJlMmJmYjczMC1lY2FhLTExZTYtOGY4OC0zNDM2M2JjN2M0YzAiOnsiY3JlYXRlIjo2MDAwMDAwMDAwMDAsImRlbGV0ZSI6NjAwMDAwMDAwMDAwLCJ1cGRhdGUiOjYwMDAwMDAwMDAwMH19",
          "dependencies": [
            "aws_security_group.vpc_endpoints",
            "aws_subnet.private",
            "aws_vpc.main"
          ]
        }
      ]
    },
    {
      "mode": "managed",
      "type": "aws_vpc_endpoint",
      "name": "ecr_api",
      "provider": "provider[\"registry.terraform.io/hashicorp/aws\"]",
      "instances": [
        {
          "schema_version": 0,
          "attributes": {
            "arn": "arn:aws:ec2:eu-north-1:630606828181:vpc-endpoint/vpce-0f69c57a0079be798",
            "auto_accept": null,
            "cidr_blocks": [],
            "dns_entry": [
              {
                "dns_name": "vpce-0f69c57a0079be798-h1frnhq1.api.ecr.eu-north-1.vpce.amazonaws.com",
                "hosted_zone_id": "Z3OWWK6JFDEDGC"
              },
              {
                "dns_name": "vpce-0f69c57a0079be798-h1frnhq1-eu-north-1c.api.ecr.eu-north-1.vpce.amazonaws.com",
                "hosted_zone_id": "Z3OWWK6JFDEDGC"
              },
              {
                "dns_name": "vpce-0f69c57a0079be798-h1frnhq1-eu-north-1a.api.ecr.eu-north-1.vpce.amazonaws.com",
                "hosted_zone_id": "Z3OWWK6JFDEDGC"
              },
              {
                "dns_name": "vpce-0f69c57a0079be798-h1frnhq1-eu-north-1b.api.ecr.eu-north-1.vpce.amazonaws.com",
                "hosted_zone_id": "Z3OWWK6JFDEDGC"
              },
              {
                "dns_name": "api.ecr.eu-north-1.amazonaws.com",
                "hosted_zone_id": "Z02294103GQMYWM9YYJXF"
              },
              {
                "dns_name": "ecr.eu-north-1.api.aws",
                "hosted_zone_id": "Z10393721O9AEFL1K2USS"
              }
            ],
            "dns_options": [
              {
                "dns_record_ip_type": "ipv4",
                "private_dns_only_for_inbound_resolver_endpoint": false
              }
            ],
            "id": "vpce-0f69c57a0079be798",
            "ip_address_type": "ipv4",
            "network_interface_ids": [
              "eni-09e212b69316a56a9",
              "eni-0da3de82f75723025",
              "eni-0e5581d2894e00c88"
            ],
            "owner_id": "630606828181",
            "policy": "{\"Statement\":[{\"Action\":\"*\",\"Effect\":\"Allow\",\"Principal\":\"*\",\"Resource\":\"*\"}]}",
            "prefix_list_id": null,
            "private_dns_enabled": true,
            "requester_managed": false,
            "resource_configuration_arn": "",
            "route_table_ids": [],
            "security_group_ids": [
              "sg-0374b56c650f09835"
            ],
            "service_name": "com.amazonaws.eu-north-1.ecr.api",
            "service_network_arn": "",
            "service_region": "eu-north-1",
            "state": "available",
            "subnet_configuration": [
              {
                "ipv4": "10.0.11.248",
                "ipv6": "",
                "subnet_id": "subnet-06627847e5d05a85a"
              },
              {
                "ipv4": "10.0.12.127",
                "ipv6": "",
                "subnet_id": "subnet-09832f22c9ab55222"
              },
              {
                "ipv4": "10.0.13.236",
                "ipv6": "",
                "subnet_id": "subnet-0c506039ae585282b"
              }
            ],
            "subnet_ids": [
              "subnet-06627847e5d05a85a",
              "subnet-09832f22c9ab55222",
              "subnet-0c506039ae585282b"
            ],
            "tags": {
              "Name": "swms-eks-dev-vpce-ecr-api"
            },
            "tags_all": {
              "Environment": "dev",
              "ManagedBy": "terraform",
              "Name": "swms-eks-dev-vpce-ecr-api",
              "Project": "group-f-swms"
            },
            "timeouts": null,
            "vpc_endpoint_type": "Interface",
            "vpc_id": "vpc-0b4ba782d6a7de24a"
          },
          "sensitive_attributes": [],
          "identity_schema_version": 0,
          "private": "eyJlMmJmYjczMC1lY2FhLTExZTYtOGY4OC0zNDM2M2JjN2M0YzAiOnsiY3JlYXRlIjo2MDAwMDAwMDAwMDAsImRlbGV0ZSI6NjAwMDAwMDAwMDAwLCJ1cGRhdGUiOjYwMDAwMDAwMDAwMH19",
          "dependencies": [
            "aws_security_group.vpc_endpoints",
            "aws_subnet.private",
            "aws_vpc.main"
          ]
        }
      ]
    },
    {
      "mode": "managed",
      "type": "aws_vpc_endpoint",
      "name": "ecr_dkr",
      "provider": "provider[\"registry.terraform.io/hashicorp/aws\"]",
      "instances": [
        {
          "schema_version": 0,
          "attributes": {
            "arn": "arn:aws:ec2:eu-north-1:630606828181:vpc-endpoint/vpce-098d472fcd9fed997",
            "auto_accept": null,
            "cidr_blocks": [],
            "dns_entry": [
              {
                "dns_name": "vpce-098d472fcd9fed997-2p92lazd.dkr.ecr.eu-north-1.vpce.amazonaws.com",
                "hosted_zone_id": "Z3OWWK6JFDEDGC"
              },
              {
                "dns_name": "vpce-098d472fcd9fed997-2p92lazd-eu-north-1a.dkr.ecr.eu-north-1.vpce.amazonaws.com",
                "hosted_zone_id": "Z3OWWK6JFDEDGC"
              },
              {
                "dns_name": "vpce-098d472fcd9fed997-2p92lazd-eu-north-1b.dkr.ecr.eu-north-1.vpce.amazonaws.com",
                "hosted_zone_id": "Z3OWWK6JFDEDGC"
              },
              {
                "dns_name": "vpce-098d472fcd9fed997-2p92lazd-eu-north-1c.dkr.ecr.eu-north-1.vpce.amazonaws.com",
                "hosted_zone_id": "Z3OWWK6JFDEDGC"
              },
              {
                "dns_name": "dkr.ecr.eu-north-1.amazonaws.com",
                "hosted_zone_id": "Z0509895M3VHA39Q80LV"
              },
              {
                "dns_name": "*.dkr.ecr.eu-north-1.amazonaws.com",
                "hosted_zone_id": "Z0509895M3VHA39Q80LV"
              },
              {
                "dns_name": "dkr-ecr.eu-north-1.on.aws",
                "hosted_zone_id": "Z05119131J7QWODH1YQBM"
              },
              {
                "dns_name": "*.dkr-ecr.eu-north-1.on.aws",
                "hosted_zone_id": "Z05119131J7QWODH1YQBM"
              }
            ],
            "dns_options": [
              {
                "dns_record_ip_type": "ipv4",
                "private_dns_only_for_inbound_resolver_endpoint": false
              }
            ],
            "id": "vpce-098d472fcd9fed997",
            "ip_address_type": "ipv4",
            "network_interface_ids": [
              "eni-003f33d049f9bfe02",
              "eni-0490a9a61fc8792af",
              "eni-0cf367d98d0a4f0e2"
            ],
            "owner_id": "630606828181",
            "policy": "{\"Statement\":[{\"Action\":\"*\",\"Effect\":\"Allow\",\"Principal\":\"*\",\"Resource\":\"*\"}]}",
            "prefix_list_id": null,
            "private_dns_enabled": true,
            "requester_managed": false,
            "resource_configuration_arn": "",
            "route_table_ids": [],
            "security_group_ids": [
              "sg-0374b56c650f09835"
            ],
            "service_name": "com.amazonaws.eu-north-1.ecr.dkr",
            "service_network_arn": "",
            "service_region": "eu-north-1",
            "state": "available",
            "subnet_configuration": [
              {
                "ipv4": "10.0.11.158",
                "ipv6": "",
                "subnet_id": "subnet-06627847e5d05a85a"
              },
              {
                "ipv4": "10.0.12.61",
                "ipv6": "",
                "subnet_id": "subnet-09832f22c9ab55222"
              },
              {
                "ipv4": "10.0.13.246",
                "ipv6": "",
                "subnet_id": "subnet-0c506039ae585282b"
              }
            ],
            "subnet_ids": [
              "subnet-06627847e5d05a85a",
              "subnet-09832f22c9ab55222",
              "subnet-0c506039ae585282b"
            ],
            "tags": {
              "Name": "swms-eks-dev-vpce-ecr-dkr"
            },
            "tags_all": {
              "Environment": "dev",
              "ManagedBy": "terraform",
              "Name": "swms-eks-dev-vpce-ecr-dkr",
              "Project": "group-f-swms"
            },
            "timeouts": null,
            "vpc_endpoint_type": "Interface",
            "vpc_id": "vpc-0b4ba782d6a7de24a"
          },
          "sensitive_attributes": [],
          "identity_schema_version": 0,
          "private": "eyJlMmJmYjczMC1lY2FhLTExZTYtOGY4OC0zNDM2M2JjN2M0YzAiOnsiY3JlYXRlIjo2MDAwMDAwMDAwMDAsImRlbGV0ZSI6NjAwMDAwMDAwMDAwLCJ1cGRhdGUiOjYwMDAwMDAwMDAwMH19",
          "dependencies": [
            "aws_security_group.vpc_endpoints",
            "aws_subnet.private",
            "aws_vpc.main"
          ]
        }
      ]
    },
    {
      "mode": "managed",
      "type": "aws_vpc_endpoint",
      "name": "s3",
      "provider": "provider[\"registry.terraform.io/hashicorp/aws\"]",
      "instances": [
        {
          "schema_version": 0,
          "attributes": {
            "arn": "arn:aws:ec2:eu-north-1:630606828181:vpc-endpoint/vpce-0eaec6e654efcc84a",
            "auto_accept": null,
            "cidr_blocks": [
              "52.95.170.0/23",
              "3.5.216.0/22",
              "52.95.169.0/24",
              "16.12.10.0/23",
              "16.12.9.0/24"
            ],
            "dns_entry": [],
            "dns_options": [
              {
                "dns_record_ip_type": "service-defined",
                "private_dns_only_for_inbound_resolver_endpoint": false
              }
            ],
            "id": "vpce-0eaec6e654efcc84a",
            "ip_address_type": "ipv4",
            "network_interface_ids": [],
            "owner_id": "630606828181",
            "policy": "{\"Statement\":[{\"Action\":\"*\",\"Effect\":\"Allow\",\"Principal\":\"*\",\"Resource\":\"*\"}],\"Version\":\"2008-10-17\"}",
            "prefix_list_id": "pl-c3aa4faa",
            "private_dns_enabled": false,
            "requester_managed": false,
            "resource_configuration_arn": "",
            "route_table_ids": [
              "rtb-0f692ad7eb1d1030d"
            ],
            "security_group_ids": [],
            "service_name": "com.amazonaws.eu-north-1.s3",
            "service_network_arn": "",
            "service_region": "eu-north-1",
            "state": "available",
            "subnet_configuration": [],
            "subnet_ids": [],
            "tags": {
              "Name": "swms-eks-dev-vpce-s3"
            },
            "tags_all": {
              "Environment": "dev",
              "ManagedBy": "terraform",
              "Name": "swms-eks-dev-vpce-s3",
              "Project": "group-f-swms"
            },
            "timeouts": null,
            "vpc_endpoint_type": "Gateway",
            "vpc_id": "vpc-0b4ba782d6a7de24a"
          },
          "sensitive_attributes": [],
          "identity_schema_version": 0,
          "private": "eyJlMmJmYjczMC1lY2FhLTExZTYtOGY4OC0zNDM2M2JjN2M0YzAiOnsiY3JlYXRlIjo2MDAwMDAwMDAwMDAsImRlbGV0ZSI6NjAwMDAwMDAwMDAwLCJ1cGRhdGUiOjYwMDAwMDAwMDAwMH19",
          "dependencies": [
            "aws_route_table.private",
            "aws_vpc.main"
          ]
        }
      ]
    },
    {
      "mode": "managed",
      "type": "aws_vpc_endpoint",
      "name": "sts",
      "provider": "provider[\"registry.terraform.io/hashicorp/aws\"]",
      "instances": [
        {
          "schema_version": 0,
          "attributes": {
            "arn": "arn:aws:ec2:eu-north-1:630606828181:vpc-endpoint/vpce-00dfe6961ecb7f714",
            "auto_accept": null,
            "cidr_blocks": [],
            "dns_entry": [
              {
                "dns_name": "vpce-00dfe6961ecb7f714-v8rrefjg.sts.eu-north-1.vpce.amazonaws.com",
                "hosted_zone_id": "Z3OWWK6JFDEDGC"
              },
              {
                "dns_name": "vpce-00dfe6961ecb7f714-v8rrefjg-eu-north-1b.sts.eu-north-1.vpce.amazonaws.com",
                "hosted_zone_id": "Z3OWWK6JFDEDGC"
              },
              {
                "dns_name": "vpce-00dfe6961ecb7f714-v8rrefjg-eu-north-1c.sts.eu-north-1.vpce.amazonaws.com",
                "hosted_zone_id": "Z3OWWK6JFDEDGC"
              },
              {
                "dns_name": "vpce-00dfe6961ecb7f714-v8rrefjg-eu-north-1a.sts.eu-north-1.vpce.amazonaws.com",
                "hosted_zone_id": "Z3OWWK6JFDEDGC"
              },
              {
                "dns_name": "sts.eu-north-1.amazonaws.com",
                "hosted_zone_id": "Z10388632WRUI8P4D4I3J"
              },
              {
                "dns_name": "sts.eu-north-1.api.aws",
                "hosted_zone_id": "Z0669898GJX4Z2MVFBJ6"
              }
            ],
            "dns_options": [
              {
                "dns_record_ip_type": "ipv4",
                "private_dns_only_for_inbound_resolver_endpoint": false
              }
            ],
            "id": "vpce-00dfe6961ecb7f714",
            "ip_address_type": "ipv4",
            "network_interface_ids": [
              "eni-065b04131dc11c531",
              "eni-09d042d93a99bf6b7",
              "eni-0b363467f41b4a7d2"
            ],
            "owner_id": "630606828181",
            "policy": "{\"Statement\":[{\"Action\":\"*\",\"Effect\":\"Allow\",\"Principal\":\"*\",\"Resource\":\"*\"}]}",
            "prefix_list_id": null,
            "private_dns_enabled": true,
            "requester_managed": false,
            "resource_configuration_arn": "",
            "route_table_ids": [],
            "security_group_ids": [
              "sg-0374b56c650f09835"
            ],
            "service_name": "com.amazonaws.eu-north-1.sts",
            "service_network_arn": "",
            "service_region": "eu-north-1",
            "state": "available",
            "subnet_configuration": [
              {
                "ipv4": "10.0.11.40",
                "ipv6": "",
                "subnet_id": "subnet-06627847e5d05a85a"
              },
              {
                "ipv4": "10.0.12.92",
                "ipv6": "",
                "subnet_id": "subnet-09832f22c9ab55222"
              },
              {
                "ipv4": "10.0.13.56",
                "ipv6": "",
                "subnet_id": "subnet-0c506039ae585282b"
              }
            ],
            "subnet_ids": [
              "subnet-06627847e5d05a85a",
              "subnet-09832f22c9ab55222",
              "subnet-0c506039ae585282b"
            ],
            "tags": {
              "Name": "swms-eks-dev-vpce-sts"
            },
            "tags_all": {
              "Environment": "dev",
              "ManagedBy": "terraform",
              "Name": "swms-eks-dev-vpce-sts",
              "Project": "group-f-swms"
            },
            "timeouts": null,
            "vpc_endpoint_type": "Interface",
            "vpc_id": "vpc-0b4ba782d6a7de24a"
          },
          "sensitive_attributes": [],
          "identity_schema_version": 0,
          "private": "eyJlMmJmYjczMC1lY2FhLTExZTYtOGY4OC0zNDM2M2JjN2M0YzAiOnsiY3JlYXRlIjo2MDAwMDAwMDAwMDAsImRlbGV0ZSI6NjAwMDAwMDAwMDAwLCJ1cGRhdGUiOjYwMDAwMDAwMDAwMH19",
          "dependencies": [
            "aws_security_group.vpc_endpoints",
            "aws_subnet.private",
            "aws_vpc.main"
          ]
        }
      ]
    },
    {
      "mode": "managed",
      "type": "helm_release",
      "name": "emqx",
      "provider": "provider[\"registry.terraform.io/hashicorp/helm\"]",
      "instances": [
        {
          "schema_version": 1,
          "attributes": {
            "atomic": false,
            "chart": "emqx",
            "cleanup_on_fail": false,
            "create_namespace": false,
            "dependency_update": false,
            "description": null,
            "devel": null,
            "disable_crd_hooks": false,
            "disable_openapi_validation": false,
            "disable_webhooks": false,
            "force_update": false,
            "id": "emqx",
            "keyring": null,
            "lint": false,
            "manifest": null,
            "max_history": 0,
            "metadata": [
              {
                "app_version": "5.8.9",
                "chart": "emqx",
                "first_deployed": 1776747507,
                "last_deployed": 1776747507,
                "name": "emqx",
                "namespace": "messaging",
                "notes": "",
                "revision": 1,
                "values": "{\"emqxConfig\":{\"EMQX_DASHBOARD__DEFAULT_PASSWORD\":\"swms-emqx-dev-2026\",\"EMQX_DASHBOARD__DEFAULT_USERNAME\":\"admin\",\"EMQX_LOG__CONSOLE__LEVEL\":\"info\",\"EMQX_MQTT__MAX_CONNECTIONS\":\"1000\"},\"image\":{\"pullPolicy\":\"IfNotPresent\",\"repository\":\"emqx/emqx\",\"tag\":\"5.6.0\"},\"persistence\":{\"enabled\":true,\"size\":\"1Gi\",\"storageClass\":\"gp3\"},\"replicaCount\":1,\"resources\":{\"limits\":{\"cpu\":\"500m\",\"memory\":\"512Mi\"},\"requests\":{\"cpu\":\"100m\",\"memory\":\"256Mi\"}},\"service\":{\"annotations\":{\"service.beta.kubernetes.io/aws-load-balancer-scheme\":\"internet-facing\",\"service.beta.kubernetes.io/aws-load-balancer-type\":\"nlb\"},\"dashboard\":18083,\"mqtt\":1883,\"mqttssl\":8883,\"nodePorts\":{\"dashboard\":31083,\"mqtt\":31883},\"type\":\"LoadBalancer\",\"ws\":8083,\"wss\":8084}}",
                "version": "5.8.9"
              }
            ],
            "name": "emqx",
            "namespace": "messaging",
            "pass_credentials": false,
            "postrender": [],
            "recreate_pods": false,
            "render_subchart_notes": true,
            "replace": false,
            "repository": "https://repos.emqx.io/charts",
            "repository_ca_file": null,
            "repository_cert_file": null,
            "repository_key_file": null,
            "repository_password": null,
            "repository_username": null,
            "reset_values": false,
            "reuse_values": false,
            "set": [
              {
                "name": "persistence.storageClass",
                "type": "",
                "value": "gp3"
              },
              {
                "name": "service.annotations.service\\.beta\\.kubernetes\\.io/aws-load-balancer-scheme",
                "type": "",
                "value": "internet-facing"
              },
              {
                "name": "service.annotations.service\\.beta\\.kubernetes\\.io/aws-load-balancer-type",
                "type": "",
                "value": "nlb"
              },
              {
                "name": "service.type",
                "type": "",
                "value": "LoadBalancer"
              }
            ],
            "set_list": [],
            "set_sensitive": [],
            "skip_crds": false,
            "status": "deployed",
            "timeout": 300,
            "upgrade_install": null,
            "values": [
              "# Group F — Smart Waste Management System\r\n# EMQX MQTT Broker — Helm Values (Local Dev)\r\n# Chart: emqx/emqx (official EMQX v5 Helm chart)\r\n# Deployed into: messaging namespace\r\n#\r\n# Usage: helm upgrade --install emqx emqx/emqx -n messaging -f messaging/emqx/values-dev.yaml\r\n#\r\n# Provides:\r\n#   - MQTT on NodePort 31883       (ESP32 / Node-RED connects here)\r\n#   - EMQX Dashboard on NodePort 31083\r\n#   - Management REST API on port 18083 (ClusterIP, used by bootstrap Job)\r\n\r\n# ─── Replica Count ────────────────────────────────────────────────\r\nreplicaCount: 1\r\n\r\n# ─── Image ────────────────────────────────────────────────────────\r\nimage:\r\n  repository: emqx/emqx\r\n  tag: \"5.6.0\"\r\n  pullPolicy: IfNotPresent\r\n\r\n# ─── EMQX Configuration ───────────────────────────────────────────\r\nemqxConfig:\r\n  # Dashboard credentials\r\n  EMQX_DASHBOARD__DEFAULT_USERNAME: \"admin\"\r\n  EMQX_DASHBOARD__DEFAULT_PASSWORD: \"swms-emqx-dev-2026\"\r\n\r\n  # Allow higher connection limits for local dev testing\r\n  EMQX_MQTT__MAX_CONNECTIONS: \"1000\"\r\n\r\n  # Log level for cleaner output\r\n  EMQX_LOG__CONSOLE__LEVEL: \"info\"\r\n\r\n# ─── Service Configuration ────────────────────────────────────────\r\n# Use the EMQX chart's native flat port format\r\nservice:\r\n  type: NodePort\r\n\r\n  # Port numbers (the container-side ports)\r\n  mqtt: 1883\r\n  mqttssl: 8883\r\n  ws: 8083\r\n  wss: 8084\r\n  dashboard: 18083\r\n\r\n  # NodePort assignments (the host-side ports)\r\n  nodePorts:\r\n    mqtt: 31883      # F1 ESP32 / Node-RED connects here\r\n    dashboard: 31083 # EMQX Dashboard UI\r\n\r\n# ─── Persistence ──────────────────────────────────────────────────\r\n# Enabled so Kafka bridge rules survive pod restarts (stored in Mnesia DB)\r\npersistence:\r\n  enabled: true\r\n  size: 1Gi\r\n\r\n# ─── Resource Limits ─────────────────────────────────────────────\r\nresources:\r\n  requests:\r\n    cpu: 100m\r\n    memory: 256Mi\r\n  limits:\r\n    cpu: 500m\r\n    memory: 512Mi\r\n"
            ],
            "verify": false,
            "version": "5.8.9",
            "wait": true,
            "wait_for_jobs": false
          },
          "sensitive_attributes": [
            [
              {
                "type": "get_attr",
                "value": "repository_password"
              }
            ]
          ],
          "identity_schema_version": 0,
          "private": "eyJzY2hlbWFfdmVyc2lvbiI6IjEifQ==",
          "dependencies": [
            "aws_eks_addon.ebs_csi_driver",
            "aws_eks_cluster.main",
            "aws_eks_node_group.main",
            "aws_iam_role.eks_cluster",
            "aws_iam_role.eks_nodes",
            "aws_iam_role_policy_attachment.ebs_csi",
            "aws_iam_role_policy_attachment.ecr_read_only",
            "aws_iam_role_policy_attachment.eks_cluster_policy",
            "aws_iam_role_policy_attachment.eks_cni_policy",
            "aws_iam_role_policy_attachment.eks_worker_node",
            "aws_route_table.private",
            "aws_security_group.vpc_endpoints",
            "aws_subnet.private",
            "aws_subnet.public",
            "aws_vpc.main",
            "aws_vpc_endpoint.ec2",
            "aws_vpc_endpoint.ecr_api",
            "aws_vpc_endpoint.ecr_dkr",
            "aws_vpc_endpoint.s3",
            "aws_vpc_endpoint.sts",
            "data.aws_eks_cluster.main",
            "data.aws_eks_cluster_auth.main",
            "helm_release.kafka",
            "kubernetes_namespace.swms",
            "kubernetes_storage_class.gp3"
          ]
        }
      ]
    },
    {
      "mode": "managed",
      "type": "helm_release",
      "name": "kafka",
      "provider": "provider[\"registry.terraform.io/hashicorp/helm\"]",
      "instances": [
        {
          "schema_version": 1,
          "attributes": {
            "atomic": false,
            "chart": "kafka",
            "cleanup_on_fail": false,
            "create_namespace": false,
            "dependency_update": false,
            "description": null,
            "devel": null,
            "disable_crd_hooks": false,
            "disable_openapi_validation": false,
            "disable_webhooks": false,
            "force_update": false,
            "id": "kafka",
            "keyring": null,
            "lint": false,
            "manifest": null,
            "max_history": 0,
            "metadata": [
              {
                "app_version": "4.0.0",
                "chart": "kafka",
                "first_deployed": 1776747392,
                "last_deployed": 1776747392,
                "name": "kafka",
                "namespace": "messaging",
                "notes": "CHART NAME: kafka\nCHART VERSION: 32.4.3\nAPP VERSION: 4.0.0\n\n⚠ WARNING: Since August 28th, 2025, only a limited subset of images/charts are available for free.\n    Subscribe to Bitnami Secure Images to receive continued support and security updates.\n    More info at https://bitnami.com and https://github.com/bitnami/containers/issues/83267\n\n** Please be patient while the chart is being deployed **\n\nKafka can be accessed by consumers via port 9092 on the following DNS name from within your cluster:\n\n    kafka.messaging.svc.cluster.local\n\nEach Kafka broker can be accessed by producers via port 9092 on the following DNS name(s) from within your cluster:\n\n    kafka-controller-0.kafka-controller-headless.messaging.svc.cluster.local:9092\n    kafka-broker-0.kafka-broker-headless.messaging.svc.cluster.local:9092\n\nThe CLIENT listener for Kafka client connections from within your cluster have been configured with the following security settings:\n    - SASL authentication\n\nTo connect a client to your Kafka, you need to create the 'client.properties' configuration files with the content below:\n\nsecurity.protocol=SASL_PLAINTEXT\nsasl.mechanism=SCRAM-SHA-256\nsasl.jaas.config=org.apache.kafka.common.security.scram.ScramLoginModule required \\\n    username=\"user1\" \\\n    password=\"$(kubectl get secret kafka-user-passwords --namespace messaging -o jsonpath='{.data.client-passwords}' | base64 -d | cut -d , -f 1)\";\n\nTo create a pod that you can use as a Kafka client run the following commands:\n\n    kubectl run kafka-client --restart='Never' --image public.ecr.aws/bitnami/kafka:4.0.0-debian-12-r10 --namespace messaging --command -- sleep infinity\n    kubectl cp --namespace messaging /path/to/client.properties kafka-client:/tmp/client.properties\n    kubectl exec --tty -i kafka-client --namespace messaging -- bash\n\n    PRODUCER:\n        kafka-console-producer.sh \\\n            --producer.config /tmp/client.properties \\\n            --bootstrap-server kafka.messaging.svc.cluster.local:9092 \\\n            --topic test\n\n    CONSUMER:\n        kafka-console-consumer.sh \\\n            --consumer.config /tmp/client.properties \\\n            --bootstrap-server kafka.messaging.svc.cluster.local:9092 \\\n            --topic test \\\n            --from-beginning\n\nWARNING: There are \"resources\" sections in the chart not set. Using \"resourcesPreset\" is not recommended for production. For production installations, please set the following values according to your workload needs:\n  - broker.resources\n  - controller.resources\n  - defaultInitContainers.prepareConfig.resources\n+info https://kubernetes.io/docs/concepts/configuration/manage-resources-containers/\n\n⚠ SECURITY WARNING: Original containers have been substituted. This Helm chart was designed, tested, and validated on multiple platforms using a specific set of Bitnami and Tanzu Application Catalog containers. Substituting other containers is likely to cause degraded security and performance, broken chart features, and missing environment variables.\n\nSubstituted images detected:\n  - public.ecr.aws/bitnami/kafka:4.0.0-debian-12-r10\n\n⚠ SECURITY WARNING: Verifying original container images was skipped. Please note this Helm chart was designed, tested, and validated on multiple platforms using a specific set of Bitnami and Bitnami Secure Images containers. Substituting other containers is likely to cause degraded security and performance, broken chart features, and missing environment variables.\n\n",
                "revision": 1,
                "values": "{\"auth\":{\"sasl\":{\"jaas\":{\"clientPasswords\":[\"swms-kafka-dev-2026\"],\"clientPasswords[0]\":\"(sensitive value)\",\"clientUsers\":[\"user1\"]}}},\"broker\":{\"replicaCount\":1},\"controller\":{\"persistence\":{\"storageClass\":\"gp3\"},\"replicaCount\":1},\"externalAccess\":{\"enabled\":false},\"extraConfig\":\"auto.create.topics.enable=false\\ndefault.replication.factor=1\\nnum.partitions=3\\nlog.retention.hours=168\",\"global\":{\"security\":{\"allowInsecureImages\":true}},\"image\":{\"registry\":\"public.ecr.aws\",\"repository\":\"bitnami/kafka\"},\"kraft\":{\"enabled\":true},\"persistence\":{\"enabled\":true,\"size\":\"2Gi\",\"storageClass\":\"gp3\"},\"readinessProbe\":{\"initialDelaySeconds\":30,\"periodSeconds\":10},\"replicaCount\":1,\"resources\":{\"limits\":{\"cpu\":\"500m\",\"memory\":\"1Gi\"},\"requests\":{\"cpu\":\"250m\",\"memory\":\"512Mi\"}},\"service\":{\"type\":\"ClusterIP\"},\"zookeeper\":{\"enabled\":false}}",
                "version": "32.4.3"
              }
            ],
            "name": "kafka",
            "namespace": "messaging",
            "pass_credentials": false,
            "postrender": [],
            "recreate_pods": false,
            "render_subchart_notes": true,
            "replace": false,
            "repository": "oci://registry-1.docker.io/bitnamicharts",
            "repository_ca_file": null,
            "repository_cert_file": null,
            "repository_key_file": null,
            "repository_password": null,
            "repository_username": null,
            "reset_values": false,
            "reuse_values": false,
            "set": [
              {
                "name": "auth.sasl.jaas.clientUsers[0]",
                "type": "",
                "value": "user1"
              },
              {
                "name": "controller.persistence.storageClass",
                "type": "",
                "value": "gp3"
              },
              {
                "name": "persistence.storageClass",
                "type": "",
                "value": "gp3"
              }
            ],
            "set_list": [],
            "set_sensitive": [
              {
                "name": "auth.sasl.jaas.clientPasswords[0]",
                "type": "",
                "value": "swms-kafka-dev-2026"
              }
            ],
            "skip_crds": false,
            "status": "deployed",
            "timeout": 600,
            "upgrade_install": null,
            "values": [
              "# Group F — Smart Waste Management System\r\n# Kafka Helm Values — Local Development\r\n# Owner: F4 Platform Team\r\n# Chart: bitnami/kafka\r\n# Usage: helm install kafka bitnami/kafka -n messaging -f messaging/kafka/values-dev.yaml\r\n\r\nglobal:\r\n  security:\r\n    allowInsecureImages: true\r\n\r\n# Single broker for local dev (spec says 3 brokers for prod)\r\nreplicaCount: 1\r\n\r\nimage:\r\n  registry: public.ecr.aws\r\n  repository: bitnami/kafka\r\n\r\nkraft:\r\n  enabled: true\r\n\r\ncontroller:\r\n  replicaCount: 1\r\n\r\nbroker:\r\n  replicaCount: 1\r\n\r\n# Resource limits are kept low for Minikube\r\nresources:\r\n  requests:\r\n    cpu: 250m\r\n    memory: 512Mi\r\n  limits:\r\n    cpu: 500m\r\n    memory: 1Gi\r\n\r\n# Expose Kafka inside the cluster only\r\nservice:\r\n  type: ClusterIP\r\n\r\n# Use a smaller persistent volume for dev\r\npersistence:\r\n  enabled: true\r\n  size: 2Gi\r\n\r\n# Log retention per topic will be configured via topics.yaml\r\n# Global defaults\r\nextraConfig: |-\r\n  auto.create.topics.enable=false\r\n  default.replication.factor=1\r\n  num.partitions=3\r\n  log.retention.hours=168\r\n\r\n# Disable Zookeeper — using KRaft mode (built-in quorum)\r\nzookeeper:\r\n  enabled: false\r\n\r\n# Expose an internal service for other pods to connect\r\nexternalAccess:\r\n  enabled: false\r\n\r\n# Readiness probe settings\r\nreadinessProbe:\r\n  initialDelaySeconds: 30\r\n  periodSeconds: 10\r\n"
            ],
            "verify": false,
            "version": "32.4.3",
            "wait": true,
            "wait_for_jobs": false
          },
          "sensitive_attributes": [
            [
              {
                "type": "get_attr",
                "value": "repository_password"
              }
            ],
            [
              {
                "type": "get_attr",
                "value": "set_sensitive"
              }
            ]
          ],
          "identity_schema_version": 0,
          "private": "eyJzY2hlbWFfdmVyc2lvbiI6IjEifQ==",
          "dependencies": [
            "aws_eks_addon.ebs_csi_driver",
            "aws_eks_cluster.main",
            "aws_eks_node_group.main",
            "aws_iam_role.eks_cluster",
            "aws_iam_role.eks_nodes",
            "aws_iam_role_policy_attachment.ebs_csi",
            "aws_iam_role_policy_attachment.ecr_read_only",
            "aws_iam_role_policy_attachment.eks_cluster_policy",
            "aws_iam_role_policy_attachment.eks_cni_policy",
            "aws_iam_role_policy_attachment.eks_worker_node",
            "aws_route_table.private",
            "aws_security_group.vpc_endpoints",
            "aws_subnet.private",
            "aws_subnet.public",
            "aws_vpc.main",
            "aws_vpc_endpoint.ec2",
            "aws_vpc_endpoint.ecr_api",
            "aws_vpc_endpoint.ecr_dkr",
            "aws_vpc_endpoint.s3",
            "aws_vpc_endpoint.sts",
            "data.aws_eks_cluster.main",
            "data.aws_eks_cluster_auth.main",
            "kubernetes_namespace.swms",
            "kubernetes_storage_class.gp3"
          ]
        }
      ]
    },
    {
      "mode": "managed",
      "type": "helm_release",
      "name": "keycloak",
      "provider": "provider[\"registry.terraform.io/hashicorp/helm\"]",
      "instances": [
        {
          "schema_version": 1,
          "attributes": {
            "atomic": false,
            "chart": "keycloak",
            "cleanup_on_fail": false,
            "create_namespace": false,
            "dependency_update": false,
            "description": null,
            "devel": null,
            "disable_crd_hooks": false,
            "disable_openapi_validation": false,
            "disable_webhooks": false,
            "force_update": false,
            "id": "keycloak",
            "keyring": null,
            "lint": false,
            "manifest": null,
            "max_history": 0,
            "metadata": [
              {
                "app_version": "26.3.3",
                "chart": "keycloak",
                "first_deployed": 1776747391,
                "last_deployed": 1776747391,
                "name": "keycloak",
                "namespace": "auth",
                "notes": "\nCHART NAME: postgresql\nCHART VERSION: 16.7.26\nAPP VERSION: 17.6.0\n\n⚠ WARNING: Since August 28th, 2025, only a limited subset of images/charts are available for free.\n    Subscribe to Bitnami Secure Images to receive continued support and security updates.\n    More info at https://bitnami.com and https://github.com/bitnami/containers/issues/83267\n\n** Please be patient while the chart is being deployed **\n\nPostgreSQL can be accessed via port 5432 on the following DNS names from within your cluster:\n\n    keycloak-postgresql.auth.svc.cluster.local - Read/Write connection\n\nTo get the password for \"postgres\" run:\n\n    export POSTGRES_ADMIN_PASSWORD=$(kubectl get secret --namespace auth keycloak-postgresql -o jsonpath=\"{.data.postgres-password}\" | base64 -d)\n\nTo get the password for \"bn_keycloak\" run:\n\n    export POSTGRES_PASSWORD=$(kubectl get secret --namespace auth keycloak-postgresql -o jsonpath=\"{.data.password}\" | base64 -d)\n\nTo connect to your database run the following command:\n\n    kubectl run keycloak-postgresql-client --rm --tty -i --restart='Never' --namespace auth --image public.ecr.aws/bitnami/postgresql:17.6.0-debian-12-r0 --env=\"PGPASSWORD=$POSTGRES_PASSWORD\" \\\n      --command -- psql --host keycloak-postgresql -U bn_keycloak -d bitnami_keycloak -p 5432\n\n    \u003e NOTE: If you access the container using bash, make sure that you execute \"/opt/bitnami/scripts/postgresql/entrypoint.sh /bin/bash\" in order to avoid the error \"psql: local user with ID 1001} does not exist\"\n\nTo connect to your database from outside the cluster execute the following commands:\n\n    kubectl port-forward --namespace auth svc/keycloak-postgresql 5432:5432 \u0026\n    PGPASSWORD=\"$POSTGRES_PASSWORD\" psql --host 127.0.0.1 -U bn_keycloak -d bitnami_keycloak -p 5432\n\nWARNING: The configured password will be ignored on new installation in case when previous PostgreSQL release was deleted through the helm command. In that case, old PVC will have an old password, and setting it through helm won't take effect. Deleting persistent volumes (PVs) will solve the issue.\n\nWARNING: There are \"resources\" sections in the chart not set. Using \"resourcesPreset\" is not recommended for production. For production installations, please set the following values according to your workload needs:\n  - readReplicas.resources\n+info https://kubernetes.io/docs/concepts/configuration/manage-resources-containers/\n\n⚠ SECURITY WARNING: Original containers have been substituted. This Helm chart was designed, tested, and validated on multiple platforms using a specific set of Bitnami and Tanzu Application Catalog containers. Substituting other containers is likely to cause degraded security and performance, broken chart features, and missing environment variables.\n\nSubstituted images detected:\n  - public.ecr.aws/bitnami/postgresql:17.6.0-debian-12-r0\n\n⚠ SECURITY WARNING: Verifying original container images was skipped. Please note this Helm chart was designed, tested, and validated on multiple platforms using a specific set of Bitnami and Bitnami Secure Images containers. Substituting other containers is likely to cause degraded security and performance, broken chart features, and missing environment variables.\n\n\nCHART NAME: keycloak\nCHART VERSION: 25.2.0\nAPP VERSION: 26.3.3\n\n⚠ WARNING: Since August 28th, 2025, only a limited subset of images/charts are available for free.\n    Subscribe to Bitnami Secure Images to receive continued support and security updates.\n    More info at https://bitnami.com and https://github.com/bitnami/containers/issues/83267\n\n** Please be patient while the chart is being deployed **\n\nKeycloak can be accessed through the following DNS name from within your cluster:\n\n    keycloak.auth.svc.cluster.local (port 80)\n\nTo access Keycloak from outside the cluster execute the following commands:\n\n1. Get the Keycloak URL by running these commands:\n\n    export SERVICE_PORT=$(kubectl get --namespace auth -o jsonpath=\"{.spec.ports[?(@.name=='http')].port}\" services keycloak)\n    kubectl port-forward --namespace auth svc/keycloak ${SERVICE_PORT}:${SERVICE_PORT} \u0026\n\n    echo \"http://127.0.0.1:${SERVICE_PORT}/\"\n\n2. Access Keycloak using the obtained URL.\n3. Access the Administration Console using the following credentials:\n\n  echo Username: admin\n  echo Password: $(kubectl get secret --namespace auth keycloak -o jsonpath=\"{.data.admin-password}\" | base64 -d)\n\n⚠ SECURITY WARNING: Original containers have been substituted. This Helm chart was designed, tested, and validated on multiple platforms using a specific set of Bitnami and Tanzu Application Catalog containers. Substituting other containers is likely to cause degraded security and performance, broken chart features, and missing environment variables.\n\nSubstituted images detected:\n  - public.ecr.aws/bitnami/keycloak:26.3.3-debian-12-r0\n\n⚠ SECURITY WARNING: Verifying original container images was skipped. Please note this Helm chart was designed, tested, and validated on multiple platforms using a specific set of Bitnami and Bitnami Secure Images containers. Substituting other containers is likely to cause degraded security and performance, broken chart features, and missing environment variables.\n\n",
                "revision": 1,
                "values": "{\"auth\":{\"adminPassword\":\"swms-admin-dev-2026\",\"adminUser\":\"admin\"},\"extraStartupArgs\":\"--import-realm\",\"extraVolumeMounts\":[{\"mountPath\":\"/opt/bitnami/keycloak/data/import\",\"name\":\"realm-config\"}],\"extraVolumes\":[{\"configMap\":{\"name\":\"keycloak-realm-config\"},\"name\":\"realm-config\"}],\"global\":{\"security\":{\"allowInsecureImages\":true}},\"image\":{\"registry\":\"public.ecr.aws\",\"repository\":\"bitnami/keycloak\"},\"postgresql\":{\"auth\":{\"password\":\"swms-kc-dev-2026\",\"postgresPassword\":\"swms-pg-dev-2026\"},\"enabled\":true,\"image\":{\"registry\":\"public.ecr.aws\",\"repository\":\"bitnami/postgresql\"},\"primary\":{\"persistence\":{\"size\":\"1Gi\",\"storageClass\":\"gp3\"},\"resources\":{\"limits\":{\"cpu\":\"250m\",\"memory\":\"256Mi\"},\"requests\":{\"cpu\":\"50m\",\"memory\":\"128Mi\"}}}},\"production\":false,\"replicaCount\":1,\"resources\":{\"limits\":{\"cpu\":\"1000m\",\"memory\":\"1Gi\"},\"requests\":{\"cpu\":\"200m\",\"memory\":\"512Mi\"}},\"service\":{\"nodePorts\":{\"http\":\"\"},\"ports\":{\"http\":80},\"type\":\"ClusterIP\"}}",
                "version": "25.2.0"
              }
            ],
            "name": "keycloak",
            "namespace": "auth",
            "pass_credentials": false,
            "postrender": [],
            "recreate_pods": false,
            "render_subchart_notes": true,
            "replace": false,
            "repository": "oci://registry-1.docker.io/bitnamicharts",
            "repository_ca_file": null,
            "repository_cert_file": null,
            "repository_key_file": null,
            "repository_password": null,
            "repository_username": null,
            "reset_values": false,
            "reuse_values": false,
            "set": [
              {
                "name": "postgresql.primary.persistence.storageClass",
                "type": "",
                "value": "gp3"
              },
              {
                "name": "service.nodePorts.http",
                "type": "",
                "value": ""
              },
              {
                "name": "service.type",
                "type": "",
                "value": "ClusterIP"
              }
            ],
            "set_list": [],
            "set_sensitive": [],
            "skip_crds": false,
            "status": "deployed",
            "timeout": 600,
            "upgrade_install": null,
            "values": [
              "# Keycloak — Helm Values (Local Dev)\r\n# Chart: bitnami/keycloak (via OCI registry)\r\n# Deployed into: auth namespace\r\n# Realm: waste-management (imported from realm-export.json at startup)\r\n\r\n# ─── Image Registry ──────────────────────────────────────────\r\n# Use ECR for Keycloak (same fix as Kafka — Docker Hub pulls fail)\r\nglobal:\r\n  security:\r\n    allowInsecureImages: true\r\n\r\nimage:\r\n  registry: public.ecr.aws\r\n  repository: bitnami/keycloak\r\n\r\n# ─── Admin Credentials ───────────────────────────────────────\r\nauth:\r\n  adminUser: admin\r\n  adminPassword: \"swms-admin-dev-2026\"\r\n\r\n# ─── Realm Import ────────────────────────────────────────────\r\n# Import the waste-management realm automatically on first startup\r\nextraStartupArgs: \"--import-realm\"\r\n\r\nextraVolumes:\r\n  - name: realm-config\r\n    configMap:\r\n      name: keycloak-realm-config\r\n\r\nextraVolumeMounts:\r\n  - name: realm-config\r\n    mountPath: /opt/bitnami/keycloak/data/import\r\n\r\n# ─── Replica Count ───────────────────────────────────────────\r\nreplicaCount: 1\r\n\r\n# ─── PostgreSQL (Bundled Sub-Chart) ──────────────────────────\r\n# Let the Bitnami chart deploy its own Postgres. This is the simplest\r\n# approach — the chart wires up KC_DB_URL, KC_DB_USERNAME, etc. automatically.\r\npostgresql:\r\n  enabled: true\r\n  image:\r\n    registry: public.ecr.aws\r\n    repository: bitnami/postgresql\r\n  auth:\r\n    postgresPassword: \"swms-pg-dev-2026\"\r\n    password: \"swms-kc-dev-2026\"\r\n  primary:\r\n    persistence:\r\n      size: 1Gi\r\n    resources:\r\n      requests:\r\n        cpu: 50m\r\n        memory: 128Mi\r\n      limits:\r\n        cpu: 250m\r\n        memory: 256Mi\r\n\r\n# ─── Dev Mode ────────────────────────────────────────────────\r\n# Run in development mode (start-dev) — no strict hostname or HTTPS checks\r\nproduction: false\r\n\r\n# ─── Networking ──────────────────────────────────────────────\r\n# Expose via NodePort so Minikube can reach it\r\nservice:\r\n  type: NodePort\r\n  ports:\r\n    http: 80\r\n  nodePorts:\r\n    http: \"30180\"\r\n\r\n# ─── Resource Limits ─────────────────────────────────────────\r\n# Keycloak is JVM-based — needs a bit more RAM\r\nresources:\r\n  requests:\r\n    cpu: 200m\r\n    memory: 512Mi\r\n  limits:\r\n    cpu: 1000m\r\n    memory: 1Gi\r\n"
            ],
            "verify": false,
            "version": "25.2.0",
            "wait": true,
            "wait_for_jobs": false
          },
          "sensitive_attributes": [
            [
              {
                "type": "get_attr",
                "value": "repository_password"
              }
            ]
          ],
          "identity_schema_version": 0,
          "private": "eyJzY2hlbWFfdmVyc2lvbiI6IjEifQ==",
          "dependencies": [
            "aws_eks_addon.ebs_csi_driver",
            "aws_eks_cluster.main",
            "aws_eks_node_group.main",
            "aws_iam_role.eks_cluster",
            "aws_iam_role.eks_nodes",
            "aws_iam_role_policy_attachment.ebs_csi",
            "aws_iam_role_policy_attachment.ecr_read_only",
            "aws_iam_role_policy_attachment.eks_cluster_policy",
            "aws_iam_role_policy_attachment.eks_cni_policy",
            "aws_iam_role_policy_attachment.eks_worker_node",
            "aws_route_table.private",
            "aws_security_group.vpc_endpoints",
            "aws_subnet.private",
            "aws_subnet.public",
            "aws_vpc.main",
            "aws_vpc_endpoint.ec2",
            "aws_vpc_endpoint.ecr_api",
            "aws_vpc_endpoint.ecr_dkr",
            "aws_vpc_endpoint.s3",
            "aws_vpc_endpoint.sts",
            "data.aws_eks_cluster.main",
            "data.aws_eks_cluster_auth.main",
            "kubernetes_config_map.keycloak_realm",
            "kubernetes_namespace.swms",
            "kubernetes_storage_class.gp3"
          ]
        }
      ]
    },
    {
      "mode": "managed",
      "type": "helm_release",
      "name": "kong",
      "provider": "provider[\"registry.terraform.io/hashicorp/helm\"]",
      "instances": [
        {
          "schema_version": 1,
          "attributes": {
            "atomic": false,
            "chart": "kong",
            "cleanup_on_fail": false,
            "create_namespace": false,
            "dependency_update": false,
            "description": null,
            "devel": null,
            "disable_crd_hooks": false,
            "disable_openapi_validation": false,
            "disable_webhooks": false,
            "force_update": false,
            "id": "kong",
            "keyring": null,
            "lint": false,
            "manifest": null,
            "max_history": 0,
            "metadata": [
              {
                "app_version": "3.9",
                "chart": "kong",
                "first_deployed": 1776747405,
                "last_deployed": 1776747405,
                "name": "kong",
                "namespace": "gateway",
                "notes": "To connect to Kong, please execute the following commands:\n\nHOST=$(kubectl get svc --namespace gateway kong-kong-proxy -o jsonpath='{.status.loadBalancer.ingress[0].ip}')\nPORT=$(kubectl get svc --namespace gateway kong-kong-proxy -o jsonpath='{.spec.ports[0].port}')\nexport PROXY_IP=${HOST}:${PORT}\ncurl $PROXY_IP\n\nOnce installed, please follow along the getting started guide to start using\nKong: https://docs.konghq.com/kubernetes-ingress-controller/latest/guides/getting-started/\n\n",
                "revision": 1,
                "values": "{\"admin\":{\"enabled\":true,\"http\":{\"containerPort\":8001,\"enabled\":true},\"tls\":{\"enabled\":false},\"type\":\"ClusterIP\"},\"dblessConfig\":{\"configMap\":\"kong-declarative-config\"},\"deployment\":{\"kong\":{\"enabled\":true}},\"env\":{\"database\":\"off\"},\"ingressController\":{\"enabled\":true,\"env\":{\"kong_admin_tls_skip_verify\":\"true\"},\"installCRDs\":false},\"livenessProbe\":{\"httpGet\":{\"path\":\"/status\",\"port\":8001},\"initialDelaySeconds\":30,\"periodSeconds\":10},\"proxy\":{\"annotations\":{\"service.beta.kubernetes.io/aws-load-balancer-scheme\":\"internet-facing\",\"service.beta.kubernetes.io/aws-load-balancer-type\":\"nlb\"},\"http\":{\"enabled\":true,\"nodePort\":\"\"},\"tls\":{\"enabled\":false},\"type\":\"LoadBalancer\"},\"readinessProbe\":{\"httpGet\":{\"path\":\"/status\",\"port\":8001},\"initialDelaySeconds\":15,\"periodSeconds\":10},\"replicaCount\":1,\"resources\":{\"limits\":{\"cpu\":\"500m\",\"memory\":\"512Mi\"},\"requests\":{\"cpu\":\"100m\",\"memory\":\"256Mi\"}}}",
                "version": "3.2.0"
              }
            ],
            "name": "kong",
            "namespace": "gateway",
            "pass_credentials": false,
            "postrender": [],
            "recreate_pods": false,
            "render_subchart_notes": true,
            "replace": false,
            "repository": "https://charts.konghq.com",
            "repository_ca_file": null,
            "repository_cert_file": null,
            "repository_key_file": null,
            "repository_password": null,
            "repository_username": null,
            "reset_values": false,
            "reuse_values": false,
            "set": [
              {
                "name": "proxy.annotations.service\\.beta\\.kubernetes\\.io/aws-load-balancer-scheme",
                "type": "",
                "value": "internet-facing"
              },
              {
                "name": "proxy.annotations.service\\.beta\\.kubernetes\\.io/aws-load-balancer-type",
                "type": "",
                "value": "nlb"
              },
              {
                "name": "proxy.http.nodePort",
                "type": "",
                "value": ""
              },
              {
                "name": "proxy.type",
                "type": "",
                "value": "LoadBalancer"
              }
            ],
            "set_list": [],
            "set_sensitive": [],
            "skip_crds": false,
            "status": "deployed",
            "timeout": 300,
            "upgrade_install": null,
            "values": [
              "# Kong API Gateway — Helm Values (Local Dev)\r\n# Chart: kong/kong\r\n# Deployed into: gateway namespace\r\n# Mode: DB-less (declarative config via ConfigMap)\r\n\r\n# DB-less mode natively supported by the chart\r\nenv:\r\n  database: \"off\"\r\n\r\n# Tell the chart to automatically mount and configure the ConfigMap\r\ndblessConfig:\r\n  configMap: kong-declarative-config\r\n\r\ndeployment:\r\n  kong:\r\n    enabled: true\r\n\r\n# Enable the Ingress Controller to watch K8s Ingress resources\r\ningressController:\r\n  enabled: true\r\n  installCRDs: false\r\n  env:\r\n    kong_admin_tls_skip_verify: \"true\"\r\n\r\n# Single replica for local dev\r\nreplicaCount: 1\r\n\r\n# Expose Kong proxy via NodePort so Minikube can reach it\r\nproxy:\r\n  type: NodePort\r\n  http:\r\n    enabled: true\r\n    nodePort: 30080\r\n  tls:\r\n    enabled: false\r\n\r\n# Kong Admin API — cluster-internal only (no external exposure)\r\nadmin:\r\n  enabled: true\r\n  type: ClusterIP\r\n  http:\r\n    enabled: true\r\n    containerPort: 8001\r\n  tls:\r\n    enabled: false\r\n\r\n# Resource limits suited for Minikube\r\nresources:\r\n  requests:\r\n    cpu: 100m\r\n    memory: 256Mi\r\n  limits:\r\n    cpu: 500m\r\n    memory: 512Mi\r\n\r\n# Readiness/liveness probes point to the admin API\r\nreadinessProbe:\r\n  httpGet:\r\n    path: /status\r\n    port: 8001\r\n  initialDelaySeconds: 15\r\n  periodSeconds: 10\r\n\r\nlivenessProbe:\r\n  httpGet:\r\n    path: /status\r\n    port: 8001\r\n  initialDelaySeconds: 30\r\n  periodSeconds: 10\r\n"
            ],
            "verify": false,
            "version": "3.2.0",
            "wait": true,
            "wait_for_jobs": false
          },
          "sensitive_attributes": [
            [
              {
                "type": "get_attr",
                "value": "repository_password"
              }
            ]
          ],
          "identity_schema_version": 0,
          "private": "eyJzY2hlbWFfdmVyc2lvbiI6IjEifQ==",
          "dependencies": [
            "aws_eks_cluster.main",
            "aws_eks_node_group.main",
            "aws_iam_role.eks_cluster",
            "aws_iam_role.eks_nodes",
            "aws_iam_role_policy_attachment.ebs_csi",
            "aws_iam_role_policy_attachment.ecr_read_only",
            "aws_iam_role_policy_attachment.eks_cluster_policy",
            "aws_iam_role_policy_attachment.eks_cni_policy",
            "aws_iam_role_policy_attachment.eks_worker_node",
            "aws_route_table.private",
            "aws_security_group.vpc_endpoints",
            "aws_subnet.private",
            "aws_subnet.public",
            "aws_vpc.main",
            "aws_vpc_endpoint.ec2",
            "aws_vpc_endpoint.ecr_api",
            "aws_vpc_endpoint.ecr_dkr",
            "aws_vpc_endpoint.s3",
            "aws_vpc_endpoint.sts",
            "data.aws_eks_cluster.main",
            "data.aws_eks_cluster_auth.main",
            "kubernetes_config_map.kong_declarative_config",
            "kubernetes_namespace.swms"
          ]
        }
      ]
    },
    {
      "mode": "managed",
      "type": "helm_release",
      "name": "vault",
      "provider": "provider[\"registry.terraform.io/hashicorp/helm\"]",
      "instances": [
        {
          "schema_version": 1,
          "attributes": {
            "atomic": false,
            "chart": "vault",
            "cleanup_on_fail": false,
            "create_namespace": false,
            "dependency_update": false,
            "description": null,
            "devel": null,
            "disable_crd_hooks": false,
            "disable_openapi_validation": false,
            "disable_webhooks": false,
            "force_update": false,
            "id": "vault",
            "keyring": null,
            "lint": false,
            "manifest": null,
            "max_history": 0,
            "metadata": [
              {
                "app_version": "1.21.2",
                "chart": "vault",
                "first_deployed": 1776747859,
                "last_deployed": 1776747859,
                "name": "vault",
                "namespace": "auth",
                "notes": "\nThank you for installing HashiCorp Vault!\n\nNow that you have deployed Vault, you should look over the docs on using\nVault with Kubernetes available here:\n\nhttps://developer.hashicorp.com/vault/docs\n\n\nYour release is named vault. To learn more about the release, try:\n\n  $ helm status vault\n  $ helm get manifest vault\n\n",
                "revision": 1,
                "values": "{\"global\":{\"enabled\":true},\"injector\":{\"enabled\":true,\"resources\":{\"limits\":{\"cpu\":\"250m\",\"memory\":\"128Mi\"},\"requests\":{\"cpu\":\"50m\",\"memory\":\"64Mi\"}}},\"server\":{\"auditStorage\":{\"enabled\":false},\"dataStorage\":{\"enabled\":false},\"dev\":{\"devRootToken\":\"swms-vault-dev-root-token\",\"enabled\":true},\"livenessProbe\":{\"enabled\":true,\"initialDelaySeconds\":60,\"path\":\"/v1/sys/health?standbyok=true\"},\"readinessProbe\":{\"enabled\":true,\"path\":\"/v1/sys/health?standbyok=true\\u0026sealedcode=204\\u0026uninitcode=204\"},\"resources\":{\"limits\":{\"cpu\":\"500m\",\"memory\":\"256Mi\"},\"requests\":{\"cpu\":\"100m\",\"memory\":\"128Mi\"}},\"service\":{\"enabled\":true,\"port\":8200,\"type\":\"ClusterIP\"}},\"ui\":{\"enabled\":true,\"serviceType\":\"ClusterIP\"}}",
                "version": "0.32.0"
              }
            ],
            "name": "vault",
            "namespace": "auth",
            "pass_credentials": false,
            "postrender": [],
            "recreate_pods": false,
            "render_subchart_notes": true,
            "replace": false,
            "repository": "https://helm.releases.hashicorp.com",
            "repository_ca_file": null,
            "repository_cert_file": null,
            "repository_key_file": null,
            "repository_password": null,
            "repository_username": null,
            "reset_values": false,
            "reuse_values": false,
            "set": [
              {
                "name": "server.service.type",
                "type": "",
                "value": "ClusterIP"
              },
              {
                "name": "ui.serviceType",
                "type": "",
                "value": "ClusterIP"
              }
            ],
            "set_list": [],
            "set_sensitive": [],
            "skip_crds": false,
            "status": "deployed",
            "timeout": 300,
            "upgrade_install": null,
            "values": [
              "# Group F — Smart Waste Management System\r\n# HashiCorp Vault — Helm Values (Local Dev)\r\n# Chart: hashicorp/vault (official Helm chart)\r\n# Deployed into: auth namespace\r\n# Mode: Development (in-memory, auto-unsealed, single node)\r\n#\r\n# Usage: helm upgrade --install vault hashicorp/vault -n auth -f auth/vault/values-dev.yaml\r\n\r\nglobal:\r\n  enabled: true\r\n\r\n# ─── Server Configuration ────────────────────────────────────────\r\nserver:\r\n  # Dev mode: single node, in-memory storage, auto-unsealed\r\n  # Root token is printed in pod logs on first startup\r\n  dev:\r\n    enabled: true\r\n    devRootToken: \"swms-vault-dev-root-token\"\r\n\r\n  # Expose UI and API on a NodePort for Minikube access\r\n  service:\r\n    enabled: true\r\n    type: ClusterIP\r\n    port: 8200\r\n\r\n  # Resource limits appropriate for Minikube\r\n  resources:\r\n    requests:\r\n      memory: 128Mi\r\n      cpu: 100m\r\n    limits:\r\n      memory: 256Mi\r\n      cpu: 500m\r\n\r\n  # Readiness probe — Vault is ready when it returns unsealed status\r\n  readinessProbe:\r\n    enabled: true\r\n    path: \"/v1/sys/health?standbyok=true\u0026sealedcode=204\u0026uninitcode=204\"\r\n\r\n  # Liveness probe\r\n  livenessProbe:\r\n    enabled: true\r\n    path: \"/v1/sys/health?standbyok=true\"\r\n    initialDelaySeconds: 60\r\n\r\n  # Data storage — in-memory for dev mode (no PVC needed)\r\n  dataStorage:\r\n    enabled: false\r\n\r\n  # Audit storage disabled for dev mode\r\n  auditStorage:\r\n    enabled: false\r\n\r\n# ─── UI ──────────────────────────────────────────────────────────\r\nui:\r\n  enabled: true\r\n  serviceType: ClusterIP\r\n\r\n# ─── Injector (Vault Agent Injector) ─────────────────────────────\r\n# Enabled: this deploys the mutating webhook that auto-injects\r\n# secrets as sidecar containers into annotated pods.\r\n# Phase 3: Vault is running but injector wiring to existing services\r\n#          is deferred — other teams' services are not affected.\r\ninjector:\r\n  enabled: true\r\n  resources:\r\n    requests:\r\n      memory: 64Mi\r\n      cpu: 50m\r\n    limits:\r\n      memory: 128Mi\r\n      cpu: 250m\r\n"
            ],
            "verify": false,
            "version": "0.32.0",
            "wait": true,
            "wait_for_jobs": false
          },
          "sensitive_attributes": [
            [
              {
                "type": "get_attr",
                "value": "repository_password"
              }
            ]
          ],
          "identity_schema_version": 0,
          "private": "eyJzY2hlbWFfdmVyc2lvbiI6IjEifQ==",
          "dependencies": [
            "aws_eks_cluster.main",
            "aws_eks_node_group.main",
            "aws_iam_role.eks_cluster",
            "aws_iam_role.eks_nodes",
            "aws_iam_role_policy_attachment.ebs_csi",
            "aws_iam_role_policy_attachment.ecr_read_only",
            "aws_iam_role_policy_attachment.eks_cluster_policy",
            "aws_iam_role_policy_attachment.eks_cni_policy",
            "aws_iam_role_policy_attachment.eks_worker_node",
            "aws_route_table.private",
            "aws_security_group.vpc_endpoints",
            "aws_subnet.private",
            "aws_subnet.public",
            "aws_vpc.main",
            "aws_vpc_endpoint.ec2",
            "aws_vpc_endpoint.ecr_api",
            "aws_vpc_endpoint.ecr_dkr",
            "aws_vpc_endpoint.s3",
            "aws_vpc_endpoint.sts",
            "data.aws_eks_cluster.main",
            "data.aws_eks_cluster_auth.main",
            "kubernetes_namespace.swms"
          ]
        }
      ]
    },
    {
      "mode": "managed",
      "type": "kubernetes_annotations",
      "name": "remove_gp2_default",
      "provider": "provider[\"registry.terraform.io/hashicorp/kubernetes\"]",
      "instances": [
        {
          "schema_version": 0,
          "attributes": {
            "annotations": {
              "storageclass.kubernetes.io/is-default-class": "false"
            },
            "api_version": "storage.k8s.io/v1",
            "field_manager": "Terraform",
            "force": null,
            "id": "apiVersion=storage.k8s.io/v1,kind=StorageClass,name=gp2",
            "kind": "StorageClass",
            "metadata": [
              {
                "name": "gp2",
                "namespace": ""
              }
            ],
            "template_annotations": {}
          },
          "sensitive_attributes": [],
          "identity_schema_version": 0,
          "private": "bnVsbA==",
          "dependencies": [
            "aws_eks_cluster.main",
            "aws_eks_node_group.main",
            "aws_iam_role.eks_cluster",
            "aws_iam_role.eks_nodes",
            "aws_iam_role_policy_attachment.ebs_csi",
            "aws_iam_role_policy_attachment.ecr_read_only",
            "aws_iam_role_policy_attachment.eks_cluster_policy",
            "aws_iam_role_policy_attachment.eks_cni_policy",
            "aws_iam_role_policy_attachment.eks_worker_node",
            "aws_route_table.private",
            "aws_security_group.vpc_endpoints",
            "aws_subnet.private",
            "aws_subnet.public",
            "aws_vpc.main",
            "aws_vpc_endpoint.ec2",
            "aws_vpc_endpoint.ecr_api",
            "aws_vpc_endpoint.ecr_dkr",
            "aws_vpc_endpoint.s3",
            "aws_vpc_endpoint.sts",
            "data.aws_eks_cluster.main",
            "data.aws_eks_cluster_auth.main"
          ]
        }
      ]
    },
    {
      "mode": "managed",
      "type": "kubernetes_config_map",
      "name": "keycloak_realm",
      "provider": "provider[\"registry.terraform.io/hashicorp/kubernetes\"]",
      "instances": [
        {
          "schema_version": 0,
          "attributes": {
            "binary_data": {},
            "data": {
              "waste-management-realm.json": "{\r\n  \"id\": \"waste-management\",\r\n  \"realm\": \"waste-management\",\r\n  \"displayName\": \"Group F — Smart Waste Management System\",\r\n  \"enabled\": true,\r\n  \"sslRequired\": \"external\",\r\n  \"registrationAllowed\": false,\r\n  \"loginWithEmailAllowed\": true,\r\n  \"duplicateEmailsAllowed\": false,\r\n  \"resetPasswordAllowed\": true,\r\n  \"editUsernameAllowed\": false,\r\n  \"bruteForceProtected\": true,\r\n  \"accessTokenLifespan\": 300,\r\n  \"refreshTokenMaxReuse\": 0,\r\n  \"roles\": {\r\n    \"realm\": [\r\n      {\r\n        \"name\": \"admin\",\r\n        \"description\": \"Full system access — all management operations\"\r\n      },\r\n      {\r\n        \"name\": \"supervisor\",\r\n        \"description\": \"Monitors dashboards, handles escalations, can cancel jobs\"\r\n      },\r\n      {\r\n        \"name\": \"fleet-operator\",\r\n        \"description\": \"Manages vehicle fleet and driver assignments\"\r\n      },\r\n      {\r\n        \"name\": \"driver\",\r\n        \"description\": \"Field driver — can accept/reject jobs, mark bins collected\"\r\n      },\r\n      {\r\n        \"name\": \"viewer\",\r\n        \"description\": \"Read-only access to dashboards and reports\"\r\n      },\r\n      {\r\n        \"name\": \"sensor-device\",\r\n        \"description\": \"Automated role for EMQX/IoT device authentication\"\r\n      }\r\n    ]\r\n  },\r\n  \"clients\": [\r\n    {\r\n      \"clientId\": \"swms-dashboard\",\r\n      \"name\": \"SWMS Next.js Dashboard\",\r\n      \"description\": \"Next.js supervisor dashboard (F3)\",\r\n      \"enabled\": true,\r\n      \"publicClient\": false,\r\n      \"standardFlowEnabled\": true,\r\n      \"implicitFlowEnabled\": false,\r\n      \"directAccessGrantsEnabled\": false,\r\n      \"clientAuthenticatorType\": \"client-secret\",\r\n      \"secret\": \"dashboard-client-secret-dev\",\r\n      \"redirectUris\": [\r\n        \"http://localhost:3000/*\",\r\n        \"http://swms-dashboard.local/*\"\r\n      ],\r\n      \"webOrigins\": [\r\n        \"http://localhost:3000\",\r\n        \"http://swms-dashboard.local\"\r\n      ],\r\n      \"protocol\": \"openid-connect\",\r\n      \"attributes\": {\r\n        \"access.token.lifespan\": \"300\",\r\n        \"use.refresh.tokens\": \"true\"\r\n      },\r\n      \"defaultClientScopes\": [\r\n        \"openid\",\r\n        \"profile\",\r\n        \"email\",\r\n        \"roles\"\r\n      ],\r\n      \"optionalClientScopes\": []\r\n    },\r\n    {\r\n      \"clientId\": \"swms-mobile\",\r\n      \"name\": \"SWMS Flutter Driver App\",\r\n      \"description\": \"Flutter mobile app for drivers (F3)\",\r\n      \"enabled\": true,\r\n      \"publicClient\": true,\r\n      \"standardFlowEnabled\": true,\r\n      \"implicitFlowEnabled\": false,\r\n      \"directAccessGrantsEnabled\": true,\r\n      \"redirectUris\": [\r\n        \"io.groupf.swms://callback\",\r\n        \"http://localhost/*\"\r\n      ],\r\n      \"webOrigins\": [\r\n        \"*\"\r\n      ],\r\n      \"protocol\": \"openid-connect\",\r\n      \"attributes\": {\r\n        \"pkce.code.challenge.method\": \"S256\",\r\n        \"access.token.lifespan\": \"300\"\r\n      },\r\n      \"defaultClientScopes\": [\r\n        \"openid\",\r\n        \"profile\",\r\n        \"email\",\r\n        \"roles\"\r\n      ],\r\n      \"optionalClientScopes\": []\r\n    },\r\n    {\r\n      \"clientId\": \"kong-gateway\",\r\n      \"name\": \"Kong API Gateway\",\r\n      \"description\": \"Kong uses this to validate JWTs via OIDC introspection\",\r\n      \"enabled\": true,\r\n      \"publicClient\": false,\r\n      \"serviceAccountsEnabled\": true,\r\n      \"standardFlowEnabled\": false,\r\n      \"directAccessGrantsEnabled\": false,\r\n      \"clientAuthenticatorType\": \"client-secret\",\r\n      \"secret\": \"kong-client-secret-dev\",\r\n      \"protocol\": \"openid-connect\"\r\n    }\r\n  ],\r\n  \"identityProviders\": [],\r\n  \"users\": [\r\n    {\r\n      \"username\": \"test-supervisor\",\r\n      \"email\": \"supervisor@swms-dev.local\",\r\n      \"enabled\": true,\r\n      \"emailVerified\": true,\r\n      \"firstName\": \"Test\",\r\n      \"lastName\": \"Supervisor\",\r\n      \"realmRoles\": [\r\n        \"supervisor\"\r\n      ],\r\n      \"credentials\": [\r\n        {\r\n          \"type\": \"password\",\r\n          \"value\": \"swms-supervisor-dev\",\r\n          \"temporary\": false\r\n        }\r\n      ]\r\n    },\r\n    {\r\n      \"username\": \"test-driver\",\r\n      \"email\": \"driver@swms-dev.local\",\r\n      \"enabled\": true,\r\n      \"emailVerified\": true,\r\n      \"firstName\": \"Test\",\r\n      \"lastName\": \"Driver\",\r\n      \"realmRoles\": [\r\n        \"driver\"\r\n      ],\r\n      \"attributes\": {\r\n        \"zone_id\": [\r\n          \"Zone-1\"\r\n        ],\r\n        \"vehicle_id\": [\r\n          \"LORRY-01\"\r\n        ],\r\n        \"shift_start\": [\r\n          \"08:00\"\r\n        ],\r\n        \"shift_end\": [\r\n          \"17:00\"\r\n        ]\r\n      },\r\n      \"credentials\": [\r\n        {\r\n          \"type\": \"password\",\r\n          \"value\": \"swms-driver-dev\",\r\n          \"temporary\": false\r\n        }\r\n      ]\r\n    }\r\n  ]\r\n}"
            },
            "id": "auth/keycloak-realm-config",
            "immutable": false,
            "metadata": [
              {
                "annotations": {},
                "generate_name": "",
                "generation": 0,
                "labels": {
                  "managed-by": "f4-platform",
                  "project": "group-f-swms"
                },
                "name": "keycloak-realm-config",
                "namespace": "auth",
                "resource_version": "116182",
                "uid": "d7ba4723-a63a-4a7b-9fd8-7a23a4a8708e"
              }
            ]
          },
          "sensitive_attributes": [],
          "identity_schema_version": 1,
          "identity": {
            "api_version": "v1",
            "kind": "ConfigMap",
            "name": "keycloak-realm-config",
            "namespace": "auth"
          },
          "private": "bnVsbA==",
          "dependencies": [
            "aws_eks_cluster.main",
            "aws_eks_node_group.main",
            "aws_iam_role.eks_cluster",
            "aws_iam_role.eks_nodes",
            "aws_iam_role_policy_attachment.ebs_csi",
            "aws_iam_role_policy_attachment.ecr_read_only",
            "aws_iam_role_policy_attachment.eks_cluster_policy",
            "aws_iam_role_policy_attachment.eks_cni_policy",
            "aws_iam_role_policy_attachment.eks_worker_node",
            "aws_route_table.private",
            "aws_security_group.vpc_endpoints",
            "aws_subnet.private",
            "aws_subnet.public",
            "aws_vpc.main",
            "aws_vpc_endpoint.ec2",
            "aws_vpc_endpoint.ecr_api",
            "aws_vpc_endpoint.ecr_dkr",
            "aws_vpc_endpoint.s3",
            "aws_vpc_endpoint.sts",
            "data.aws_eks_cluster.main",
            "data.aws_eks_cluster_auth.main",
            "kubernetes_namespace.swms"
          ]
        }
      ]
    },
    {
      "mode": "managed",
      "type": "kubernetes_config_map",
      "name": "kong_declarative_config",
      "provider": "provider[\"registry.terraform.io/hashicorp/kubernetes\"]",
      "instances": [
        {
          "schema_version": 0,
          "attributes": {
            "binary_data": {},
            "data": {
              "kong.yaml": "_format_version: \"3.0\"\n_transform: true\n\n# =========================================================\n# UPSTREAM SERVICES\n# These are the DNS names of services inside the cluster.\n# Format: \u003cservice-name\u003e.\u003cnamespace\u003e.svc.cluster.local\n# Services must be deployed before Kong can route to them.\n# =========================================================\n\nservices:\n  # ---------------------------------------------------------\n  # F3 — Bin Status Service\n  # Serves all bin state and zone summary queries\n  # ---------------------------------------------------------\n  - name: bin-status-service\n    url: http://bin-status-service.waste-dev.svc.cluster.local:3001\n    connect_timeout: 3000\n    read_timeout: 10000\n    write_timeout: 10000\n    routes:\n      - name: bins-api\n        paths:\n          - /api/v1/bins\n        strip_path: false\n        methods:\n          - GET\n          - POST\n          - PUT\n          - PATCH\n        plugins:\n          - name: jwt\n            config:\n              claims_to_verify:\n                - exp\n          - name: rate-limiting\n            config:\n              minute: 100\n              policy: local\n\n      - name: zones-api\n        paths:\n          - /api/v1/zones\n        strip_path: false\n        methods:\n          - GET\n        plugins:\n          - name: jwt\n            config:\n              claims_to_verify:\n                - exp\n          - name: rate-limiting\n            config:\n              minute: 60\n              policy: local\n\n  # ---------------------------------------------------------\n  # F3 — Collection Workflow Orchestrator\n  # Manages the full job lifecycle state machine\n  # ---------------------------------------------------------\n  - name: workflow-orchestrator\n    url: http://workflow-orchestrator.waste-dev.svc.cluster.local:3002\n    connect_timeout: 3000\n    read_timeout: 30000\n    write_timeout: 30000\n    routes:\n      - name: collection-jobs-api\n        paths:\n          - /api/v1/collection-jobs\n        strip_path: false\n        methods:\n          - GET\n          - POST\n          - PUT\n          - PATCH\n        plugins:\n          - name: jwt\n            config:\n              claims_to_verify:\n                - exp\n          - name: rate-limiting\n            config:\n              minute: 60\n              policy: local\n\n  # ---------------------------------------------------------\n  # F3 — Scheduler Service\n  # Handles driver/vehicle assignment and job progress tracking\n  # ---------------------------------------------------------\n  - name: scheduler-service\n    url: http://scheduler-service.waste-dev.svc.cluster.local:3003\n    connect_timeout: 3000\n    read_timeout: 15000\n    write_timeout: 15000\n    routes:\n      - name: collections-api\n        paths:\n          - /api/v1/collections\n        strip_path: false\n        methods:\n          - GET\n          - POST\n        plugins:\n          - name: jwt\n            config:\n              claims_to_verify:\n                - exp\n          - name: rate-limiting\n            config:\n              minute: 60\n              policy: local\n\n      - name: vehicles-api\n        paths:\n          - /api/v1/vehicles\n        strip_path: false\n        methods:\n          - GET\n        plugins:\n          - name: jwt\n            config:\n              claims_to_verify:\n                - exp\n          - name: rate-limiting\n            config:\n              minute: 60\n              policy: local\n\n  # ---------------------------------------------------------\n  # F2 — FastAPI ML Service\n  # Fill-time predictions, zone generation, route scoring\n  # ---------------------------------------------------------\n  - name: fastapi-ml-service\n    url: http://fastapi-ml-service.waste-dev.svc.cluster.local:8000\n    connect_timeout: 3000\n    read_timeout: 30000\n    write_timeout: 10000\n    routes:\n      - name: ml-api\n        paths:\n          - /api/v1/ml\n        strip_path: false\n        methods:\n          - GET\n          - POST\n        plugins:\n          - name: jwt\n            config:\n              claims_to_verify:\n                - exp\n          - name: rate-limiting\n            config:\n              minute: 30\n              policy: local\n\n  # ---------------------------------------------------------\n  # F3 — Notification Service (WebSocket)\n  # Serves Socket.IO for live dashboard updates\n  # ---------------------------------------------------------\n  - name: notification-service\n    url: http://notification-service.waste-dev.svc.cluster.local:3004\n    connect_timeout: 3000\n    read_timeout: 60000\n    write_timeout: 60000\n    routes:\n      - name: websocket-api\n        paths:\n          - /ws\n        strip_path: false\n        # WebSocket upgrade — no JWT enforcement at gateway level\n        # Auth is handled inside the Socket.IO handshake\n        plugins:\n          - name: rate-limiting\n            config:\n              minute: 10\n              policy: local\n\n# =========================================================\n# GLOBAL PLUGINS\n# Applied to every request passing through Kong\n# =========================================================\nplugins:\n  # Structured request logging — visible in Kong logs\n  - name: file-log\n    config:\n      path: /dev/stdout\n      reopen: false\n\n  # Correlation IDs for distributed tracing (Jaeger-compatible)\n  - name: correlation-id\n    config:\n      header_name: X-Request-ID\n      generator: uuid\n      echo_downstream: true\n"
            },
            "id": "gateway/kong-declarative-config",
            "immutable": false,
            "metadata": [
              {
                "annotations": {},
                "generate_name": "",
                "generation": 0,
                "labels": {
                  "managed-by": "f4-platform",
                  "project": "group-f-swms"
                },
                "name": "kong-declarative-config",
                "namespace": "gateway",
                "resource_version": "116181",
                "uid": "d70cc21c-6dbc-462d-8113-3ac2efb267b0"
              }
            ]
          },
          "sensitive_attributes": [],
          "identity_schema_version": 1,
          "identity": {
            "api_version": "v1",
            "kind": "ConfigMap",
            "name": "kong-declarative-config",
            "namespace": "gateway"
          },
          "private": "bnVsbA==",
          "dependencies": [
            "aws_eks_cluster.main",
            "aws_eks_node_group.main",
            "aws_iam_role.eks_cluster",
            "aws_iam_role.eks_nodes",
            "aws_iam_role_policy_attachment.ebs_csi",
            "aws_iam_role_policy_attachment.ecr_read_only",
            "aws_iam_role_policy_attachment.eks_cluster_policy",
            "aws_iam_role_policy_attachment.eks_cni_policy",
            "aws_iam_role_policy_attachment.eks_worker_node",
            "aws_route_table.private",
            "aws_security_group.vpc_endpoints",
            "aws_subnet.private",
            "aws_subnet.public",
            "aws_vpc.main",
            "aws_vpc_endpoint.ec2",
            "aws_vpc_endpoint.ecr_api",
            "aws_vpc_endpoint.ecr_dkr",
            "aws_vpc_endpoint.s3",
            "aws_vpc_endpoint.sts",
            "data.aws_eks_cluster.main",
            "data.aws_eks_cluster_auth.main",
            "kubernetes_namespace.swms"
          ]
        }
      ]
    },
    {
      "mode": "managed",
      "type": "kubernetes_namespace",
      "name": "swms",
      "provider": "provider[\"registry.terraform.io/hashicorp/kubernetes\"]",
      "instances": [
        {
          "index_key": "auth",
          "schema_version": 0,
          "attributes": {
            "id": "auth",
            "metadata": [
              {
                "annotations": {
                  "description": "Keycloak, Vault, OPA"
                },
                "generate_name": "",
                "generation": 0,
                "labels": {
                  "environment": "dev",
                  "managed-by": "f4-platform",
                  "project": "group-f-swms"
                },
                "name": "auth",
                "resource_version": "116157",
                "uid": "de9f6e4d-250b-41f1-8fcd-1b44cc1d4a42"
              }
            ],
            "timeouts": null,
            "wait_for_default_service_account": false
          },
          "sensitive_attributes": [],
          "identity_schema_version": 1,
          "identity": {
            "api_version": "v1",
            "kind": "Namespace",
            "name": "auth"
          },
          "private": "eyJlMmJmYjczMC1lY2FhLTExZTYtOGY4OC0zNDM2M2JjN2M0YzAiOnsiZGVsZXRlIjozMDAwMDAwMDAwMDB9fQ==",
          "dependencies": [
            "aws_eks_cluster.main",
            "aws_eks_node_group.main",
            "aws_iam_role.eks_cluster",
            "aws_iam_role.eks_nodes",
            "aws_iam_role_policy_attachment.ebs_csi",
            "aws_iam_role_policy_attachment.ecr_read_only",
            "aws_iam_role_policy_attachment.eks_cluster_policy",
            "aws_iam_role_policy_attachment.eks_cni_policy",
            "aws_iam_role_policy_attachment.eks_worker_node",
            "aws_route_table.private",
            "aws_security_group.vpc_endpoints",
            "aws_subnet.private",
            "aws_subnet.public",
            "aws_vpc.main",
            "aws_vpc_endpoint.ec2",
            "aws_vpc_endpoint.ecr_api",
            "aws_vpc_endpoint.ecr_dkr",
            "aws_vpc_endpoint.s3",
            "aws_vpc_endpoint.sts",
            "data.aws_eks_cluster.main",
            "data.aws_eks_cluster_auth.main"
          ]
        },
        {
          "index_key": "blockchain",
          "schema_version": 0,
          "attributes": {
            "id": "blockchain",
            "metadata": [
              {
                "annotations": {
                  "description": "Hyperledger Fabric peer, orderer, CA"
                },
                "generate_name": "",
                "generation": 0,
                "labels": {
                  "environment": "dev",
                  "managed-by": "f4-platform",
                  "project": "group-f-swms"
                },
                "name": "blockchain",
                "resource_version": "116155",
                "uid": "5d23fdc4-e7d1-4c41-831e-7749023aa1cc"
              }
            ],
            "timeouts": null,
            "wait_for_default_service_account": false
          },
          "sensitive_attributes": [],
          "identity_schema_version": 1,
          "identity": {
            "api_version": "v1",
            "kind": "Namespace",
            "name": "blockchain"
          },
          "private": "eyJlMmJmYjczMC1lY2FhLTExZTYtOGY4OC0zNDM2M2JjN2M0YzAiOnsiZGVsZXRlIjozMDAwMDAwMDAwMDB9fQ==",
          "dependencies": [
            "aws_eks_cluster.main",
            "aws_eks_node_group.main",
            "aws_iam_role.eks_cluster",
            "aws_iam_role.eks_nodes",
            "aws_iam_role_policy_attachment.ebs_csi",
            "aws_iam_role_policy_attachment.ecr_read_only",
            "aws_iam_role_policy_attachment.eks_cluster_policy",
            "aws_iam_role_policy_attachment.eks_cni_policy",
            "aws_iam_role_policy_attachment.eks_worker_node",
            "aws_route_table.private",
            "aws_security_group.vpc_endpoints",
            "aws_subnet.private",
            "aws_subnet.public",
            "aws_vpc.main",
            "aws_vpc_endpoint.ec2",
            "aws_vpc_endpoint.ecr_api",
            "aws_vpc_endpoint.ecr_dkr",
            "aws_vpc_endpoint.s3",
            "aws_vpc_endpoint.sts",
            "data.aws_eks_cluster.main",
            "data.aws_eks_cluster_auth.main"
          ]
        },
        {
          "index_key": "cicd",
          "schema_version": 0,
          "attributes": {
            "id": "cicd",
            "metadata": [
              {
                "annotations": {
                  "description": "Argo CD, Chaos Mesh, k6"
                },
                "generate_name": "",
                "generation": 0,
                "labels": {
                  "environment": "dev",
                  "managed-by": "f4-platform",
                  "project": "group-f-swms"
                },
                "name": "cicd",
                "resource_version": "116174",
                "uid": "9db71217-a5ac-45ef-bdf6-5fa09b6cb830"
              }
            ],
            "timeouts": null,
            "wait_for_default_service_account": false
          },
          "sensitive_attributes": [],
          "identity_schema_version": 1,
          "identity": {
            "api_version": "v1",
            "kind": "Namespace",
            "name": "cicd"
          },
          "private": "eyJlMmJmYjczMC1lY2FhLTExZTYtOGY4OC0zNDM2M2JjN2M0YzAiOnsiZGVsZXRlIjozMDAwMDAwMDAwMDB9fQ==",
          "dependencies": [
            "aws_eks_cluster.main",
            "aws_eks_node_group.main",
            "aws_iam_role.eks_cluster",
            "aws_iam_role.eks_nodes",
            "aws_iam_role_policy_attachment.ebs_csi",
            "aws_iam_role_policy_attachment.ecr_read_only",
            "aws_iam_role_policy_attachment.eks_cluster_policy",
            "aws_iam_role_policy_attachment.eks_cni_policy",
            "aws_iam_role_policy_attachment.eks_worker_node",
            "aws_route_table.private",
            "aws_security_group.vpc_endpoints",
            "aws_subnet.private",
            "aws_subnet.public",
            "aws_vpc.main",
            "aws_vpc_endpoint.ec2",
            "aws_vpc_endpoint.ecr_api",
            "aws_vpc_endpoint.ecr_dkr",
            "aws_vpc_endpoint.s3",
            "aws_vpc_endpoint.sts",
            "data.aws_eks_cluster.main",
            "data.aws_eks_cluster_auth.main"
          ]
        },
        {
          "index_key": "gateway",
          "schema_version": 0,
          "attributes": {
            "id": "gateway",
            "metadata": [
              {
                "annotations": {
                  "description": "Kong API gateway"
                },
                "generate_name": "",
                "generation": 0,
                "labels": {
                  "environment": "dev",
                  "managed-by": "f4-platform",
                  "project": "group-f-swms"
                },
                "name": "gateway",
                "resource_version": "116154",
                "uid": "bf18408a-61c4-460d-a8f9-3c45802fc2ef"
              }
            ],
            "timeouts": null,
            "wait_for_default_service_account": false
          },
          "sensitive_attributes": [],
          "identity_schema_version": 1,
          "identity": {
            "api_version": "v1",
            "kind": "Namespace",
            "name": "gateway"
          },
          "private": "eyJlMmJmYjczMC1lY2FhLTExZTYtOGY4OC0zNDM2M2JjN2M0YzAiOnsiZGVsZXRlIjozMDAwMDAwMDAwMDB9fQ==",
          "dependencies": [
            "aws_eks_cluster.main",
            "aws_eks_node_group.main",
            "aws_iam_role.eks_cluster",
            "aws_iam_role.eks_nodes",
            "aws_iam_role_policy_attachment.ebs_csi",
            "aws_iam_role_policy_attachment.ecr_read_only",
            "aws_iam_role_policy_attachment.eks_cluster_policy",
            "aws_iam_role_policy_attachment.eks_cni_policy",
            "aws_iam_role_policy_attachment.eks_worker_node",
            "aws_route_table.private",
            "aws_security_group.vpc_endpoints",
            "aws_subnet.private",
            "aws_subnet.public",
            "aws_vpc.main",
            "aws_vpc_endpoint.ec2",
            "aws_vpc_endpoint.ecr_api",
            "aws_vpc_endpoint.ecr_dkr",
            "aws_vpc_endpoint.s3",
            "aws_vpc_endpoint.sts",
            "data.aws_eks_cluster.main",
            "data.aws_eks_cluster_auth.main"
          ]
        },
        {
          "index_key": "messaging",
          "schema_version": 0,
          "attributes": {
            "id": "messaging",
            "metadata": [
              {
                "annotations": {
                  "description": "Kafka, EMQX"
                },
                "generate_name": "",
                "generation": 0,
                "labels": {
                  "environment": "dev",
                  "managed-by": "f4-platform",
                  "project": "group-f-swms"
                },
                "name": "messaging",
                "resource_version": "116173",
                "uid": "b137596e-d0f4-400c-b174-391a42510783"
              }
            ],
            "timeouts": null,
            "wait_for_default_service_account": false
          },
          "sensitive_attributes": [],
          "identity_schema_version": 1,
          "identity": {
            "api_version": "v1",
            "kind": "Namespace",
            "name": "messaging"
          },
          "private": "eyJlMmJmYjczMC1lY2FhLTExZTYtOGY4OC0zNDM2M2JjN2M0YzAiOnsiZGVsZXRlIjozMDAwMDAwMDAwMDB9fQ==",
          "dependencies": [
            "aws_eks_cluster.main",
            "aws_eks_node_group.main",
            "aws_iam_role.eks_cluster",
            "aws_iam_role.eks_nodes",
            "aws_iam_role_policy_attachment.ebs_csi",
            "aws_iam_role_policy_attachment.ecr_read_only",
            "aws_iam_role_policy_attachment.eks_cluster_policy",
            "aws_iam_role_policy_attachment.eks_cni_policy",
            "aws_iam_role_policy_attachment.eks_worker_node",
            "aws_route_table.private",
            "aws_security_group.vpc_endpoints",
            "aws_subnet.private",
            "aws_subnet.public",
            "aws_vpc.main",
            "aws_vpc_endpoint.ec2",
            "aws_vpc_endpoint.ecr_api",
            "aws_vpc_endpoint.ecr_dkr",
            "aws_vpc_endpoint.s3",
            "aws_vpc_endpoint.sts",
            "data.aws_eks_cluster.main",
            "data.aws_eks_cluster_auth.main"
          ]
        },
        {
          "index_key": "monitoring",
          "schema_version": 0,
          "attributes": {
            "id": "monitoring",
            "metadata": [
              {
                "annotations": {
                  "description": "Prometheus, Grafana, ELK, Jaeger"
                },
                "generate_name": "",
                "generation": 0,
                "labels": {
                  "environment": "dev",
                  "managed-by": "f4-platform",
                  "project": "group-f-swms"
                },
                "name": "monitoring",
                "resource_version": "116156",
                "uid": "ea8d810f-ce8a-43ab-8775-eb371fb47832"
              }
            ],
            "timeouts": null,
            "wait_for_default_service_account": false
          },
          "sensitive_attributes": [],
          "identity_schema_version": 1,
          "identity": {
            "api_version": "v1",
            "kind": "Namespace",
            "name": "monitoring"
          },
          "private": "eyJlMmJmYjczMC1lY2FhLTExZTYtOGY4OC0zNDM2M2JjN2M0YzAiOnsiZGVsZXRlIjozMDAwMDAwMDAwMDB9fQ==",
          "dependencies": [
            "aws_eks_cluster.main",
            "aws_eks_node_group.main",
            "aws_iam_role.eks_cluster",
            "aws_iam_role.eks_nodes",
            "aws_iam_role_policy_attachment.ebs_csi",
            "aws_iam_role_policy_attachment.ecr_read_only",
            "aws_iam_role_policy_attachment.eks_cluster_policy",
            "aws_iam_role_policy_attachment.eks_cni_policy",
            "aws_iam_role_policy_attachment.eks_worker_node",
            "aws_route_table.private",
            "aws_security_group.vpc_endpoints",
            "aws_subnet.private",
            "aws_subnet.public",
            "aws_vpc.main",
            "aws_vpc_endpoint.ec2",
            "aws_vpc_endpoint.ecr_api",
            "aws_vpc_endpoint.ecr_dkr",
            "aws_vpc_endpoint.s3",
            "aws_vpc_endpoint.sts",
            "data.aws_eks_cluster.main",
            "data.aws_eks_cluster_auth.main"
          ]
        },
        {
          "index_key": "waste-dev",
          "schema_version": 0,
          "attributes": {
            "id": "waste-dev",
            "metadata": [
              {
                "annotations": {
                  "description": "F2 + F3 application services (development)"
                },
                "generate_name": "",
                "generation": 0,
                "labels": {
                  "environment": "dev",
                  "managed-by": "f4-platform",
                  "project": "group-f-swms"
                },
                "name": "waste-dev",
                "resource_version": "116153",
                "uid": "4fdaed67-d474-481d-88a1-8caecb9f6622"
              }
            ],
            "timeouts": null,
            "wait_for_default_service_account": false
          },
          "sensitive_attributes": [],
          "identity_schema_version": 1,
          "identity": {
            "api_version": "v1",
            "kind": "Namespace",
            "name": "waste-dev"
          },
          "private": "eyJlMmJmYjczMC1lY2FhLTExZTYtOGY4OC0zNDM2M2JjN2M0YzAiOnsiZGVsZXRlIjozMDAwMDAwMDAwMDB9fQ==",
          "dependencies": [
            "aws_eks_cluster.main",
            "aws_eks_node_group.main",
            "aws_iam_role.eks_cluster",
            "aws_iam_role.eks_nodes",
            "aws_iam_role_policy_attachment.ebs_csi",
            "aws_iam_role_policy_attachment.ecr_read_only",
            "aws_iam_role_policy_attachment.eks_cluster_policy",
            "aws_iam_role_policy_attachment.eks_cni_policy",
            "aws_iam_role_policy_attachment.eks_worker_node",
            "aws_route_table.private",
            "aws_security_group.vpc_endpoints",
            "aws_subnet.private",
            "aws_subnet.public",
            "aws_vpc.main",
            "aws_vpc_endpoint.ec2",
            "aws_vpc_endpoint.ecr_api",
            "aws_vpc_endpoint.ecr_dkr",
            "aws_vpc_endpoint.s3",
            "aws_vpc_endpoint.sts",
            "data.aws_eks_cluster.main",
            "data.aws_eks_cluster_auth.main"
          ]
        },
        {
          "index_key": "waste-prod",
          "schema_version": 0,
          "attributes": {
            "id": "waste-prod",
            "metadata": [
              {
                "annotations": {
                  "description": "F2 + F3 application services (production)"
                },
                "generate_name": "",
                "generation": 0,
                "labels": {
                  "environment": "prod",
                  "managed-by": "f4-platform",
                  "project": "group-f-swms"
                },
                "name": "waste-prod",
                "resource_version": "116170",
                "uid": "dceb8f7a-2133-414d-83e0-afbfcaf70de9"
              }
            ],
            "timeouts": null,
            "wait_for_default_service_account": false
          },
          "sensitive_attributes": [],
          "identity_schema_version": 1,
          "identity": {
            "api_version": "v1",
            "kind": "Namespace",
            "name": "waste-prod"
          },
          "private": "eyJlMmJmYjczMC1lY2FhLTExZTYtOGY4OC0zNDM2M2JjN2M0YzAiOnsiZGVsZXRlIjozMDAwMDAwMDAwMDB9fQ==",
          "dependencies": [
            "aws_eks_cluster.main",
            "aws_eks_node_group.main",
            "aws_iam_role.eks_cluster",
            "aws_iam_role.eks_nodes",
            "aws_iam_role_policy_attachment.ebs_csi",
            "aws_iam_role_policy_attachment.ecr_read_only",
            "aws_iam_role_policy_attachment.eks_cluster_policy",
            "aws_iam_role_policy_attachment.eks_cni_policy",
            "aws_iam_role_policy_attachment.eks_worker_node",
            "aws_route_table.private",
            "aws_security_group.vpc_endpoints",
            "aws_subnet.private",
            "aws_subnet.public",
            "aws_vpc.main",
            "aws_vpc_endpoint.ec2",
            "aws_vpc_endpoint.ecr_api",
            "aws_vpc_endpoint.ecr_dkr",
            "aws_vpc_endpoint.s3",
            "aws_vpc_endpoint.sts",
            "data.aws_eks_cluster.main",
            "data.aws_eks_cluster_auth.main"
          ]
        }
      ]
    },
    {
      "mode": "managed",
      "type": "kubernetes_storage_class",
      "name": "gp3",
      "provider": "provider[\"registry.terraform.io/hashicorp/kubernetes\"]",
      "instances": [
        {
          "schema_version": 0,
          "attributes": {
            "allow_volume_expansion": true,
            "allowed_topologies": [],
            "id": "gp3",
            "metadata": [
              {
                "annotations": {
                  "storageclass.kubernetes.io/is-default-class": "true"
                },
                "generate_name": "",
                "generation": 0,
                "labels": {},
                "name": "gp3",
                "resource_version": "116626",
                "uid": "35007d5b-0ac5-48e4-90db-895b9f058661"
              }
            ],
            "mount_options": [],
            "parameters": {
              "encrypted": "true",
              "type": "gp3"
            },
            "reclaim_policy": "Retain",
            "storage_provisioner": "ebs.csi.aws.com",
            "volume_binding_mode": "WaitForFirstConsumer"
          },
          "sensitive_attributes": [],
          "identity_schema_version": 0,
          "private": "bnVsbA==",
          "dependencies": [
            "aws_eks_addon.ebs_csi_driver",
            "aws_eks_cluster.main",
            "aws_eks_node_group.main",
            "aws_iam_role.eks_cluster",
            "aws_iam_role.eks_nodes",
            "aws_iam_role_policy_attachment.ebs_csi",
            "aws_iam_role_policy_attachment.ecr_read_only",
            "aws_iam_role_policy_attachment.eks_cluster_policy",
            "aws_iam_role_policy_attachment.eks_cni_policy",
            "aws_iam_role_policy_attachment.eks_worker_node",
            "aws_route_table.private",
            "aws_security_group.vpc_endpoints",
            "aws_subnet.private",
            "aws_subnet.public",
            "aws_vpc.main",
            "aws_vpc_endpoint.ec2",
            "aws_vpc_endpoint.ecr_api",
            "aws_vpc_endpoint.ecr_dkr",
            "aws_vpc_endpoint.s3",
            "aws_vpc_endpoint.sts",
            "data.aws_eks_cluster.main",
            "data.aws_eks_cluster_auth.main"
          ]
        }
      ]
    },
    {
      "mode": "managed",
      "type": "null_resource",
      "name": "emqx_bootstrap",
      "provider": "provider[\"registry.terraform.io/hashicorp/null\"]",
      "instances": [
        {
          "schema_version": 0,
          "attributes": {
            "id": "755581106",
            "triggers": {
              "bootstrap_hash": "7187817b59892e779ac7817abff73128",
              "emqx_release_id": "emqx",
              "kafka_password": "swms-kafka-dev-2026"
            }
          },
          "sensitive_attributes": [
            [
              {
                "type": "get_attr",
                "value": "triggers"
              },
              {
                "type": "index",
                "value": {
                  "value": "kafka_password",
                  "type": "string"
                }
              }
            ]
          ],
          "identity_schema_version": 0,
          "dependencies": [
            "aws_eks_addon.ebs_csi_driver",
            "aws_eks_cluster.main",
            "aws_eks_node_group.main",
            "aws_iam_role.eks_cluster",
            "aws_iam_role.eks_nodes",
            "aws_iam_role_policy_attachment.ebs_csi",
            "aws_iam_role_policy_attachment.ecr_read_only",
            "aws_iam_role_policy_attachment.eks_cluster_policy",
            "aws_iam_role_policy_attachment.eks_cni_policy",
            "aws_iam_role_policy_attachment.eks_worker_node",
            "aws_route_table.private",
            "aws_security_group.vpc_endpoints",
            "aws_subnet.private",
            "aws_subnet.public",
            "aws_vpc.main",
            "aws_vpc_endpoint.ec2",
            "aws_vpc_endpoint.ecr_api",
            "aws_vpc_endpoint.ecr_dkr",
            "aws_vpc_endpoint.s3",
            "aws_vpc_endpoint.sts",
            "data.aws_eks_cluster.main",
            "data.aws_eks_cluster_auth.main",
            "helm_release.emqx",
            "helm_release.kafka",
            "kubernetes_namespace.swms",
            "kubernetes_storage_class.gp3",
            "null_resource.kafka_topic_init"
          ]
        }
      ]
    },
    {
      "mode": "managed",
      "type": "null_resource",
      "name": "kafka_topic_init",
      "provider": "provider[\"registry.terraform.io/hashicorp/null\"]",
      "instances": [
        {
          "schema_version": 0,
          "attributes": {
            "id": "1375068612",
            "triggers": {
              "kafka_release_id": "kafka",
              "topics_hash": "649c9a4b927e010cca89e253521f2e61"
            }
          },
          "sensitive_attributes": [],
          "identity_schema_version": 0,
          "dependencies": [
            "aws_eks_addon.ebs_csi_driver",
            "aws_eks_cluster.main",
            "aws_eks_node_group.main",
            "aws_iam_role.eks_cluster",
            "aws_iam_role.eks_nodes",
            "aws_iam_role_policy_attachment.ebs_csi",
            "aws_iam_role_policy_attachment.ecr_read_only",
            "aws_iam_role_policy_attachment.eks_cluster_policy",
            "aws_iam_role_policy_attachment.eks_cni_policy",
            "aws_iam_role_policy_attachment.eks_worker_node",
            "aws_route_table.private",
            "aws_security_group.vpc_endpoints",
            "aws_subnet.private",
            "aws_subnet.public",
            "aws_vpc.main",
            "aws_vpc_endpoint.ec2",
            "aws_vpc_endpoint.ecr_api",
            "aws_vpc_endpoint.ecr_dkr",
            "aws_vpc_endpoint.s3",
            "aws_vpc_endpoint.sts",
            "data.aws_eks_cluster.main",
            "data.aws_eks_cluster_auth.main",
            "helm_release.kafka",
            "kubernetes_namespace.swms",
            "kubernetes_storage_class.gp3"
          ]
        }
      ]
    },
    {
      "mode": "managed",
      "type": "null_resource",
      "name": "vault_bootstrap",
      "provider": "provider[\"registry.terraform.io/hashicorp/null\"]",
      "instances": [
        {
          "schema_version": 0,
          "attributes": {
            "id": "163605171",
            "triggers": {
              "kafka_password": "swms-kafka-dev-2026",
              "policies_hash": "09a8922118ac36243e9011d9c43fa0a2",
              "vault_release_id": "vault"
            }
          },
          "sensitive_attributes": [
            [
              {
                "type": "get_attr",
                "value": "triggers"
              },
              {
                "type": "index",
                "value": {
                  "value": "kafka_password",
                  "type": "string"
                }
              }
            ]
          ],
          "identity_schema_version": 0,
          "dependencies": [
            "aws_eks_cluster.main",
            "aws_eks_node_group.main",
            "aws_iam_role.eks_cluster",
            "aws_iam_role.eks_nodes",
            "aws_iam_role_policy_attachment.ebs_csi",
            "aws_iam_role_policy_attachment.ecr_read_only",
            "aws_iam_role_policy_attachment.eks_cluster_policy",
            "aws_iam_role_policy_attachment.eks_cni_policy",
            "aws_iam_role_policy_attachment.eks_worker_node",
            "aws_route_table.private",
            "aws_security_group.vpc_endpoints",
            "aws_subnet.private",
            "aws_subnet.public",
            "aws_vpc.main",
            "aws_vpc_endpoint.ec2",
            "aws_vpc_endpoint.ecr_api",
            "aws_vpc_endpoint.ecr_dkr",
            "aws_vpc_endpoint.s3",
            "aws_vpc_endpoint.sts",
            "data.aws_eks_cluster.main",
            "data.aws_eks_cluster_auth.main",
            "helm_release.vault",
            "kubernetes_namespace.swms"
          ]
        }
      ]
    },
    {
      "mode": "managed",
      "type": "random_id",
      "name": "bucket_suffix",
      "provider": "provider[\"registry.terraform.io/hashicorp/random\"]",
      "instances": [
        {
          "schema_version": 0,
          "attributes": {
            "b64_std": "ypfKdQ==",
            "b64_url": "ypfKdQ",
            "byte_length": 4,
            "dec": "3398945397",
            "hex": "ca97ca75",
            "id": "ypfKdQ",
            "keepers": null,
            "prefix": null
          },
          "sensitive_attributes": [],
          "identity_schema_version": 0
        }
      ]
    }
  ],
  "check_results": null
}
